// !$*UTF8*$!
{
	archiveVersion = 1;
	classes = {
	};
	objectVersion = 46;
	objects = {

/* Begin PBXBuildFile section */
		83043E0A18A5E28300FA6DA6 /* outline_star-256.png in Resources */ = {isa = PBXBuildFile; fileRef = 83043E0918A5E28300FA6DA6 /* outline_star-256.png */; };
		830E920118C2D8AA0090827D /* CPDConstants.m in Sources */ = {isa = PBXBuildFile; fileRef = 830E920018C2D8AA0090827D /* CPDConstants.m */; };
		8321B8A818BC1706007CCB23 /* MessageUI.framework in Frameworks */ = {isa = PBXBuildFile; fileRef = 8321B8A718BC1706007CCB23 /* MessageUI.framework */; };
		8349AD4018BEA0B3009C5BDD /* libCorePlot-CocoaTouch.a in Frameworks */ = {isa = PBXBuildFile; fileRef = 8349AD3F18BEA0B3009C5BDD /* libCorePlot-CocoaTouch.a */; };
		8380978518C01F2700DF175E /* ScatterPlotViewController.m in Sources */ = {isa = PBXBuildFile; fileRef = 8380978418C01F2700DF175E /* ScatterPlotViewController.m */; };
		8380978818C01F3700DF175E /* BarGraphViewController.m in Sources */ = {isa = PBXBuildFile; fileRef = 8380978718C01F3700DF175E /* BarGraphViewController.m */; };
		8380978B18C0201700DF175E /* SettingsViewController.m in Sources */ = {isa = PBXBuildFile; fileRef = 8380978A18C0201700DF175E /* SettingsViewController.m */; };
		8383AEB118A5D7D6000DAFC7 /* search-32.png in Resources */ = {isa = PBXBuildFile; fileRef = 8383AEAD18A5D7D6000DAFC7 /* search-32.png */; };
		8383AEB218A5D7D6000DAFC7 /* star-32.png in Resources */ = {isa = PBXBuildFile; fileRef = 8383AEAE18A5D7D6000DAFC7 /* star-32.png */; };
		8383AEB418A5D7D6000DAFC7 /* statistics-256.png in Resources */ = {isa = PBXBuildFile; fileRef = 8383AEB018A5D7D6000DAFC7 /* statistics-256.png */; };
		83AFF1A618BEA1EA00C5D3E0 /* QuartzCore.framework in Frameworks */ = {isa = PBXBuildFile; fileRef = 83AFF1A518BEA1EA00C5D3E0 /* QuartzCore.framework */; };
		83AFF1A918BEA4A700C5D3E0 /* StatisticsViewController.m in Sources */ = {isa = PBXBuildFile; fileRef = 83AFF1A818BEA4A700C5D3E0 /* StatisticsViewController.m */; };
		83AFF1AB18BEAAFC00C5D3E0 /* bar_chart-32.png in Resources */ = {isa = PBXBuildFile; fileRef = 83AFF1AA18BEAAFC00C5D3E0 /* bar_chart-32.png */; };
		83AFF1AD18BEAB0900C5D3E0 /* pie_chart-32.png in Resources */ = {isa = PBXBuildFile; fileRef = 83AFF1AC18BEAB0900C5D3E0 /* pie_chart-32.png */; };
		83AFF1AF18BEAB1300C5D3E0 /* scatter_plot-32.png in Resources */ = {isa = PBXBuildFile; fileRef = 83AFF1AE18BEAB1300C5D3E0 /* scatter_plot-32.png */; };
		83AFF1B118BEAB3500C5D3E0 /* pie_chart-25.png in Resources */ = {isa = PBXBuildFile; fileRef = 83AFF1B018BEAB3500C5D3E0 /* pie_chart-25.png */; };
		83AFF1B418BEB0EE00C5D3E0 /* PieChartViewController.m in Sources */ = {isa = PBXBuildFile; fileRef = 83AFF1B318BEB0EE00C5D3E0 /* PieChartViewController.m */; };
		83AFF1B718BEB33000C5D3E0 /* DataPieChart.m in Sources */ = {isa = PBXBuildFile; fileRef = 83AFF1B618BEB33000C5D3E0 /* DataPieChart.m */; };
		83AFF1BA18BEC3E000C5D3E0 /* DataCenter.m in Sources */ = {isa = PBXBuildFile; fileRef = 83AFF1B918BEC3E000C5D3E0 /* DataCenter.m */; };
		83DC3DF618B2FCC90059F2C1 /* BookmarksController.m in Sources */ = {isa = PBXBuildFile; fileRef = 83DC3DF518B2FCC90059F2C1 /* BookmarksController.m */; };
		83DD968818A4F63700C0C1E9 /* RECommonFunctions.m in Sources */ = {isa = PBXBuildFile; fileRef = 83DD968318A4F63700C0C1E9 /* RECommonFunctions.m */; };
		83DD968918A4F63700C0C1E9 /* RESideMenu.m in Sources */ = {isa = PBXBuildFile; fileRef = 83DD968518A4F63700C0C1E9 /* RESideMenu.m */; };
		83DD968A18A4F63700C0C1E9 /* UIViewController+RESideMenu.m in Sources */ = {isa = PBXBuildFile; fileRef = 83DD968718A4F63700C0C1E9 /* UIViewController+RESideMenu.m */; };
		83DD968E18A4F6A700C0C1E9 /* MenuViewController.m in Sources */ = {isa = PBXBuildFile; fileRef = 83DD968D18A4F6A700C0C1E9 /* MenuViewController.m */; };
		83DD969D18A4FA5D00C0C1E9 /* RootViewController.m in Sources */ = {isa = PBXBuildFile; fileRef = 83DD969C18A4FA5D00C0C1E9 /* RootViewController.m */; };
		83E0074F18BD6A0800FAE7DF /* History.m in Sources */ = {isa = PBXBuildFile; fileRef = 83E0074E18BD6A0800FAE7DF /* History.m */; };
		83E0075218BD7C8700FAE7DF /* HistoryViewController.m in Sources */ = {isa = PBXBuildFile; fileRef = 83E0075118BD7C8700FAE7DF /* HistoryViewController.m */; };
		83E79AA018EB5B4700D45C4D /* SettingsIcon.png in Resources */ = {isa = PBXBuildFile; fileRef = 83E79A9F18EB5B4700D45C4D /* SettingsIcon.png */; };
		83E79AA218EB5CA300D45C4D /* StarsInSpace.png in Resources */ = {isa = PBXBuildFile; fileRef = 83E79AA118EB5CA300D45C4D /* StarsInSpace.png */; };
		83E8389E18A402430086F246 /* Foundation.framework in Frameworks */ = {isa = PBXBuildFile; fileRef = 83E8389D18A402430086F246 /* Foundation.framework */; };
		83E838A018A402430086F246 /* CoreGraphics.framework in Frameworks */ = {isa = PBXBuildFile; fileRef = 83E8389F18A402430086F246 /* CoreGraphics.framework */; };
		83E838A218A402430086F246 /* UIKit.framework in Frameworks */ = {isa = PBXBuildFile; fileRef = 83E838A118A402430086F246 /* UIKit.framework */; };
		83E838A818A402440086F246 /* InfoPlist.strings in Resources */ = {isa = PBXBuildFile; fileRef = 83E838A618A402440086F246 /* InfoPlist.strings */; };
		83E838AA18A402440086F246 /* main.m in Sources */ = {isa = PBXBuildFile; fileRef = 83E838A918A402440086F246 /* main.m */; };
		83E838AE18A402440086F246 /* AppDelegate.m in Sources */ = {isa = PBXBuildFile; fileRef = 83E838AD18A402440086F246 /* AppDelegate.m */; };
		83E838B118A402440086F246 /* Main.storyboard in Resources */ = {isa = PBXBuildFile; fileRef = 83E838AF18A402440086F246 /* Main.storyboard */; };
		83E838B418A402440086F246 /* MasterViewController.m in Sources */ = {isa = PBXBuildFile; fileRef = 83E838B318A402440086F246 /* MasterViewController.m */; };
		83E838B718A402440086F246 /* DetailViewController.m in Sources */ = {isa = PBXBuildFile; fileRef = 83E838B618A402440086F246 /* DetailViewController.m */; };
		83E838B918A402440086F246 /* Images.xcassets in Resources */ = {isa = PBXBuildFile; fileRef = 83E838B818A402440086F246 /* Images.xcassets */; };
		83E838C018A402440086F246 /* XCTest.framework in Frameworks */ = {isa = PBXBuildFile; fileRef = 83E838BF18A402440086F246 /* XCTest.framework */; };
		83E838C118A402440086F246 /* Foundation.framework in Frameworks */ = {isa = PBXBuildFile; fileRef = 83E8389D18A402430086F246 /* Foundation.framework */; };
		83E838C218A402440086F246 /* UIKit.framework in Frameworks */ = {isa = PBXBuildFile; fileRef = 83E838A118A402430086F246 /* UIKit.framework */; };
		83E838CA18A402440086F246 /* InfoPlist.strings in Resources */ = {isa = PBXBuildFile; fileRef = 83E838C818A402440086F246 /* InfoPlist.strings */; };
		83E838CC18A402440086F246 /* ICDEasyOnTests.m in Sources */ = {isa = PBXBuildFile; fileRef = 83E838CB18A402440086F246 /* ICDEasyOnTests.m */; };
		83E838DC18A455620086F246 /* CodeICD.m in Sources */ = {isa = PBXBuildFile; fileRef = 83E838D718A455620086F246 /* CodeICD.m */; };
		83E838DD18A455620086F246 /* iOSRequest.m in Sources */ = {isa = PBXBuildFile; fileRef = 83E838D918A455620086F246 /* iOSRequest.m */; };
		83E838DE18A455620086F246 /* Parser.m in Sources */ = {isa = PBXBuildFile; fileRef = 83E838DB18A455620086F246 /* Parser.m */; };
		83E838E118A456C40086F246 /* NSString+WebService.m in Sources */ = {isa = PBXBuildFile; fileRef = 83E838E018A456C40086F246 /* NSString+WebService.m */; };
		83E838E618A4653A0086F246 /* menu-26.png in Resources */ = {isa = PBXBuildFile; fileRef = 83E838E518A4653A0086F246 /* menu-26.png */; };
		83F11AC718B8104D00438928 /* SVProgressHUD.m in Sources */ = {isa = PBXBuildFile; fileRef = 83F11AC618B8104D00438928 /* SVProgressHUD.m */; };
		83F11AC918B8119700438928 /* SVProgressHUD.bundle in Resources */ = {isa = PBXBuildFile; fileRef = 83F11AC818B8119700438928 /* SVProgressHUD.bundle */; };
		83F11AD218B8242A00438928 /* fold.png in Resources */ = {isa = PBXBuildFile; fileRef = 83F11AD118B8242A00438928 /* fold.png */; };
		83F3907518B8DDA700345888 /* GDataXMLNode.m in Sources */ = {isa = PBXBuildFile; fileRef = 83F3907418B8DDA700345888 /* GDataXMLNode.m */; settings = {COMPILER_FLAGS = "-fno-objc-arc"; }; };
		83F3907A18B8E3BA00345888 /* GDataParser.m in Sources */ = {isa = PBXBuildFile; fileRef = 83F3907918B8E3BA00345888 /* GDataParser.m */; };
		83F3908018B8FC3300345888 /* libxml2.dylib in Frameworks */ = {isa = PBXBuildFile; fileRef = 83F3907F18B8FC3300345888 /* libxml2.dylib */; };
		83F844F018B044F6000BAB03 /* AdvancedSearchViewController.m in Sources */ = {isa = PBXBuildFile; fileRef = 83F844EF18B044F6000BAB03 /* AdvancedSearchViewController.m */; };
/* End PBXBuildFile section */

/* Begin PBXContainerItemProxy section */
		83E838C318A402440086F246 /* PBXContainerItemProxy */ = {
			isa = PBXContainerItemProxy;
			containerPortal = 83E8389218A402430086F246 /* Project object */;
			proxyType = 1;
			remoteGlobalIDString = 83E8389918A402430086F246;
			remoteInfo = ICDEasyOn;
		};
/* End PBXContainerItemProxy section */

/* Begin PBXFileReference section */
		83043E0918A5E28300FA6DA6 /* outline_star-256.png */ = {isa = PBXFileReference; lastKnownFileType = image.png; path = "outline_star-256.png"; sourceTree = "<group>"; };
		830E91FF18C2D8AA0090827D /* CPDConstants.h */ = {isa = PBXFileReference; fileEncoding = 4; lastKnownFileType = sourcecode.c.h; path = CPDConstants.h; sourceTree = "<group>"; };
		830E920018C2D8AA0090827D /* CPDConstants.m */ = {isa = PBXFileReference; fileEncoding = 4; lastKnownFileType = sourcecode.c.objc; path = CPDConstants.m; sourceTree = "<group>"; };
		8321B8A718BC1706007CCB23 /* MessageUI.framework */ = {isa = PBXFileReference; lastKnownFileType = wrapper.framework; name = MessageUI.framework; path = System/Library/Frameworks/MessageUI.framework; sourceTree = SDKROOT; };
		8349ACF118BEA0B3009C5BDD /* CorePlot-CocoaTouch.h */ = {isa = PBXFileReference; fileEncoding = 4; lastKnownFileType = sourcecode.c.h; path = "CorePlot-CocoaTouch.h"; sourceTree = "<group>"; };
		8349ACF218BEA0B3009C5BDD /* CPTAnimation.h */ = {isa = PBXFileReference; fileEncoding = 4; lastKnownFileType = sourcecode.c.h; path = CPTAnimation.h; sourceTree = "<group>"; };
		8349ACF318BEA0B3009C5BDD /* CPTAnimationOperation.h */ = {isa = PBXFileReference; fileEncoding = 4; lastKnownFileType = sourcecode.c.h; path = CPTAnimationOperation.h; sourceTree = "<group>"; };
		8349ACF418BEA0B3009C5BDD /* CPTAnimationPeriod.h */ = {isa = PBXFileReference; fileEncoding = 4; lastKnownFileType = sourcecode.c.h; path = CPTAnimationPeriod.h; sourceTree = "<group>"; };
		8349ACF518BEA0B3009C5BDD /* CPTAnnotation.h */ = {isa = PBXFileReference; fileEncoding = 4; lastKnownFileType = sourcecode.c.h; path = CPTAnnotation.h; sourceTree = "<group>"; };
		8349ACF618BEA0B3009C5BDD /* CPTAnnotationHostLayer.h */ = {isa = PBXFileReference; fileEncoding = 4; lastKnownFileType = sourcecode.c.h; path = CPTAnnotationHostLayer.h; sourceTree = "<group>"; };
		8349ACF718BEA0B3009C5BDD /* CPTAxis.h */ = {isa = PBXFileReference; fileEncoding = 4; lastKnownFileType = sourcecode.c.h; path = CPTAxis.h; sourceTree = "<group>"; };
		8349ACF818BEA0B3009C5BDD /* CPTAxisLabel.h */ = {isa = PBXFileReference; fileEncoding = 4; lastKnownFileType = sourcecode.c.h; path = CPTAxisLabel.h; sourceTree = "<group>"; };
		8349ACF918BEA0B3009C5BDD /* CPTAxisLabelGroup.h */ = {isa = PBXFileReference; fileEncoding = 4; lastKnownFileType = sourcecode.c.h; path = CPTAxisLabelGroup.h; sourceTree = "<group>"; };
		8349ACFA18BEA0B3009C5BDD /* CPTAxisSet.h */ = {isa = PBXFileReference; fileEncoding = 4; lastKnownFileType = sourcecode.c.h; path = CPTAxisSet.h; sourceTree = "<group>"; };
		8349ACFB18BEA0B3009C5BDD /* CPTAxisTitle.h */ = {isa = PBXFileReference; fileEncoding = 4; lastKnownFileType = sourcecode.c.h; path = CPTAxisTitle.h; sourceTree = "<group>"; };
		8349ACFC18BEA0B3009C5BDD /* CPTBarPlot.h */ = {isa = PBXFileReference; fileEncoding = 4; lastKnownFileType = sourcecode.c.h; path = CPTBarPlot.h; sourceTree = "<group>"; };
		8349ACFD18BEA0B3009C5BDD /* CPTBorderedLayer.h */ = {isa = PBXFileReference; fileEncoding = 4; lastKnownFileType = sourcecode.c.h; path = CPTBorderedLayer.h; sourceTree = "<group>"; };
		8349ACFE18BEA0B3009C5BDD /* CPTCalendarFormatter.h */ = {isa = PBXFileReference; fileEncoding = 4; lastKnownFileType = sourcecode.c.h; path = CPTCalendarFormatter.h; sourceTree = "<group>"; };
		8349ACFF18BEA0B3009C5BDD /* CPTColor.h */ = {isa = PBXFileReference; fileEncoding = 4; lastKnownFileType = sourcecode.c.h; path = CPTColor.h; sourceTree = "<group>"; };
		8349AD0018BEA0B3009C5BDD /* CPTColorSpace.h */ = {isa = PBXFileReference; fileEncoding = 4; lastKnownFileType = sourcecode.c.h; path = CPTColorSpace.h; sourceTree = "<group>"; };
		8349AD0118BEA0B3009C5BDD /* CPTConstraints.h */ = {isa = PBXFileReference; fileEncoding = 4; lastKnownFileType = sourcecode.c.h; path = CPTConstraints.h; sourceTree = "<group>"; };
		8349AD0218BEA0B3009C5BDD /* CPTDataSourceTestCase.h */ = {isa = PBXFileReference; fileEncoding = 4; lastKnownFileType = sourcecode.c.h; path = CPTDataSourceTestCase.h; sourceTree = "<group>"; };
		8349AD0318BEA0B3009C5BDD /* CPTDefinitions.h */ = {isa = PBXFileReference; fileEncoding = 4; lastKnownFileType = sourcecode.c.h; path = CPTDefinitions.h; sourceTree = "<group>"; };
		8349AD0418BEA0B3009C5BDD /* CPTDerivedXYGraph.h */ = {isa = PBXFileReference; fileEncoding = 4; lastKnownFileType = sourcecode.c.h; path = CPTDerivedXYGraph.h; sourceTree = "<group>"; };
		8349AD0518BEA0B3009C5BDD /* CPTExceptions.h */ = {isa = PBXFileReference; fileEncoding = 4; lastKnownFileType = sourcecode.c.h; path = CPTExceptions.h; sourceTree = "<group>"; };
		8349AD0618BEA0B3009C5BDD /* CPTFill.h */ = {isa = PBXFileReference; fileEncoding = 4; lastKnownFileType = sourcecode.c.h; path = CPTFill.h; sourceTree = "<group>"; };
		8349AD0718BEA0B3009C5BDD /* CPTFunctionDataSource.h */ = {isa = PBXFileReference; fileEncoding = 4; lastKnownFileType = sourcecode.c.h; path = CPTFunctionDataSource.h; sourceTree = "<group>"; };
		8349AD0818BEA0B3009C5BDD /* CPTGradient.h */ = {isa = PBXFileReference; fileEncoding = 4; lastKnownFileType = sourcecode.c.h; path = CPTGradient.h; sourceTree = "<group>"; };
		8349AD0918BEA0B3009C5BDD /* CPTGraph.h */ = {isa = PBXFileReference; fileEncoding = 4; lastKnownFileType = sourcecode.c.h; path = CPTGraph.h; sourceTree = "<group>"; };
		8349AD0A18BEA0B3009C5BDD /* CPTGraphHostingView.h */ = {isa = PBXFileReference; fileEncoding = 4; lastKnownFileType = sourcecode.c.h; path = CPTGraphHostingView.h; sourceTree = "<group>"; };
		8349AD0B18BEA0B3009C5BDD /* CPTGridLineGroup.h */ = {isa = PBXFileReference; fileEncoding = 4; lastKnownFileType = sourcecode.c.h; path = CPTGridLineGroup.h; sourceTree = "<group>"; };
		8349AD0C18BEA0B3009C5BDD /* CPTGridLines.h */ = {isa = PBXFileReference; fileEncoding = 4; lastKnownFileType = sourcecode.c.h; path = CPTGridLines.h; sourceTree = "<group>"; };
		8349AD0D18BEA0B3009C5BDD /* CPTImage.h */ = {isa = PBXFileReference; fileEncoding = 4; lastKnownFileType = sourcecode.c.h; path = CPTImage.h; sourceTree = "<group>"; };
		8349AD0E18BEA0B3009C5BDD /* CPTLayer.h */ = {isa = PBXFileReference; fileEncoding = 4; lastKnownFileType = sourcecode.c.h; path = CPTLayer.h; sourceTree = "<group>"; };
		8349AD0F18BEA0B3009C5BDD /* CPTLayerAnnotation.h */ = {isa = PBXFileReference; fileEncoding = 4; lastKnownFileType = sourcecode.c.h; path = CPTLayerAnnotation.h; sourceTree = "<group>"; };
		8349AD1018BEA0B3009C5BDD /* CPTLegend.h */ = {isa = PBXFileReference; fileEncoding = 4; lastKnownFileType = sourcecode.c.h; path = CPTLegend.h; sourceTree = "<group>"; };
		8349AD1118BEA0B3009C5BDD /* CPTLegendEntry.h */ = {isa = PBXFileReference; fileEncoding = 4; lastKnownFileType = sourcecode.c.h; path = CPTLegendEntry.h; sourceTree = "<group>"; };
		8349AD1218BEA0B3009C5BDD /* CPTLimitBand.h */ = {isa = PBXFileReference; fileEncoding = 4; lastKnownFileType = sourcecode.c.h; path = CPTLimitBand.h; sourceTree = "<group>"; };
		8349AD1318BEA0B3009C5BDD /* CPTLineCap.h */ = {isa = PBXFileReference; fileEncoding = 4; lastKnownFileType = sourcecode.c.h; path = CPTLineCap.h; sourceTree = "<group>"; };
		8349AD1418BEA0B3009C5BDD /* CPTLineStyle.h */ = {isa = PBXFileReference; fileEncoding = 4; lastKnownFileType = sourcecode.c.h; path = CPTLineStyle.h; sourceTree = "<group>"; };
		8349AD1518BEA0B3009C5BDD /* CPTMutableLineStyle.h */ = {isa = PBXFileReference; fileEncoding = 4; lastKnownFileType = sourcecode.c.h; path = CPTMutableLineStyle.h; sourceTree = "<group>"; };
		8349AD1618BEA0B3009C5BDD /* CPTMutableNumericData+TypeConversion.h */ = {isa = PBXFileReference; fileEncoding = 4; lastKnownFileType = sourcecode.c.h; path = "CPTMutableNumericData+TypeConversion.h"; sourceTree = "<group>"; };
		8349AD1718BEA0B3009C5BDD /* CPTMutableNumericData.h */ = {isa = PBXFileReference; fileEncoding = 4; lastKnownFileType = sourcecode.c.h; path = CPTMutableNumericData.h; sourceTree = "<group>"; };
		8349AD1818BEA0B3009C5BDD /* CPTMutablePlotRange.h */ = {isa = PBXFileReference; fileEncoding = 4; lastKnownFileType = sourcecode.c.h; path = CPTMutablePlotRange.h; sourceTree = "<group>"; };
		8349AD1918BEA0B3009C5BDD /* CPTMutableShadow.h */ = {isa = PBXFileReference; fileEncoding = 4; lastKnownFileType = sourcecode.c.h; path = CPTMutableShadow.h; sourceTree = "<group>"; };
		8349AD1A18BEA0B3009C5BDD /* CPTMutableTextStyle.h */ = {isa = PBXFileReference; fileEncoding = 4; lastKnownFileType = sourcecode.c.h; path = CPTMutableTextStyle.h; sourceTree = "<group>"; };
		8349AD1B18BEA0B3009C5BDD /* CPTNumericData+TypeConversion.h */ = {isa = PBXFileReference; fileEncoding = 4; lastKnownFileType = sourcecode.c.h; path = "CPTNumericData+TypeConversion.h"; sourceTree = "<group>"; };
		8349AD1C18BEA0B3009C5BDD /* CPTNumericData.h */ = {isa = PBXFileReference; fileEncoding = 4; lastKnownFileType = sourcecode.c.h; path = CPTNumericData.h; sourceTree = "<group>"; };
		8349AD1D18BEA0B3009C5BDD /* CPTNumericDataType.h */ = {isa = PBXFileReference; fileEncoding = 4; lastKnownFileType = sourcecode.c.h; path = CPTNumericDataType.h; sourceTree = "<group>"; };
		8349AD1E18BEA0B3009C5BDD /* CPTPathExtensions.h */ = {isa = PBXFileReference; fileEncoding = 4; lastKnownFileType = sourcecode.c.h; path = CPTPathExtensions.h; sourceTree = "<group>"; };
		8349AD1F18BEA0B3009C5BDD /* CPTPieChart.h */ = {isa = PBXFileReference; fileEncoding = 4; lastKnownFileType = sourcecode.c.h; path = CPTPieChart.h; sourceTree = "<group>"; };
		8349AD2018BEA0B3009C5BDD /* CPTPlatformSpecificCategories.h */ = {isa = PBXFileReference; fileEncoding = 4; lastKnownFileType = sourcecode.c.h; path = CPTPlatformSpecificCategories.h; sourceTree = "<group>"; };
		8349AD2118BEA0B3009C5BDD /* CPTPlatformSpecificDefines.h */ = {isa = PBXFileReference; fileEncoding = 4; lastKnownFileType = sourcecode.c.h; path = CPTPlatformSpecificDefines.h; sourceTree = "<group>"; };
		8349AD2218BEA0B3009C5BDD /* CPTPlatformSpecificFunctions.h */ = {isa = PBXFileReference; fileEncoding = 4; lastKnownFileType = sourcecode.c.h; path = CPTPlatformSpecificFunctions.h; sourceTree = "<group>"; };
		8349AD2318BEA0B3009C5BDD /* CPTPlot.h */ = {isa = PBXFileReference; fileEncoding = 4; lastKnownFileType = sourcecode.c.h; path = CPTPlot.h; sourceTree = "<group>"; };
		8349AD2418BEA0B3009C5BDD /* CPTPlotArea.h */ = {isa = PBXFileReference; fileEncoding = 4; lastKnownFileType = sourcecode.c.h; path = CPTPlotArea.h; sourceTree = "<group>"; };
		8349AD2518BEA0B3009C5BDD /* CPTPlotAreaFrame.h */ = {isa = PBXFileReference; fileEncoding = 4; lastKnownFileType = sourcecode.c.h; path = CPTPlotAreaFrame.h; sourceTree = "<group>"; };
		8349AD2618BEA0B3009C5BDD /* CPTPlotGroup.h */ = {isa = PBXFileReference; fileEncoding = 4; lastKnownFileType = sourcecode.c.h; path = CPTPlotGroup.h; sourceTree = "<group>"; };
		8349AD2718BEA0B3009C5BDD /* CPTPlotRange.h */ = {isa = PBXFileReference; fileEncoding = 4; lastKnownFileType = sourcecode.c.h; path = CPTPlotRange.h; sourceTree = "<group>"; };
		8349AD2818BEA0B3009C5BDD /* CPTPlotSpace.h */ = {isa = PBXFileReference; fileEncoding = 4; lastKnownFileType = sourcecode.c.h; path = CPTPlotSpace.h; sourceTree = "<group>"; };
		8349AD2918BEA0B3009C5BDD /* CPTPlotSpaceAnnotation.h */ = {isa = PBXFileReference; fileEncoding = 4; lastKnownFileType = sourcecode.c.h; path = CPTPlotSpaceAnnotation.h; sourceTree = "<group>"; };
		8349AD2A18BEA0B3009C5BDD /* CPTPlotSymbol.h */ = {isa = PBXFileReference; fileEncoding = 4; lastKnownFileType = sourcecode.c.h; path = CPTPlotSymbol.h; sourceTree = "<group>"; };
		8349AD2B18BEA0B3009C5BDD /* CPTRangePlot.h */ = {isa = PBXFileReference; fileEncoding = 4; lastKnownFileType = sourcecode.c.h; path = CPTRangePlot.h; sourceTree = "<group>"; };
		8349AD2C18BEA0B3009C5BDD /* CPTResponder.h */ = {isa = PBXFileReference; fileEncoding = 4; lastKnownFileType = sourcecode.c.h; path = CPTResponder.h; sourceTree = "<group>"; };
		8349AD2D18BEA0B3009C5BDD /* CPTScatterPlot.h */ = {isa = PBXFileReference; fileEncoding = 4; lastKnownFileType = sourcecode.c.h; path = CPTScatterPlot.h; sourceTree = "<group>"; };
		8349AD2E18BEA0B3009C5BDD /* CPTShadow.h */ = {isa = PBXFileReference; fileEncoding = 4; lastKnownFileType = sourcecode.c.h; path = CPTShadow.h; sourceTree = "<group>"; };
		8349AD2F18BEA0B3009C5BDD /* CPTTestCase.h */ = {isa = PBXFileReference; fileEncoding = 4; lastKnownFileType = sourcecode.c.h; path = CPTTestCase.h; sourceTree = "<group>"; };
		8349AD3018BEA0B3009C5BDD /* CPTTextLayer.h */ = {isa = PBXFileReference; fileEncoding = 4; lastKnownFileType = sourcecode.c.h; path = CPTTextLayer.h; sourceTree = "<group>"; };
		8349AD3118BEA0B3009C5BDD /* CPTTextStyle.h */ = {isa = PBXFileReference; fileEncoding = 4; lastKnownFileType = sourcecode.c.h; path = CPTTextStyle.h; sourceTree = "<group>"; };
		8349AD3218BEA0B3009C5BDD /* CPTTextStylePlatformSpecific.h */ = {isa = PBXFileReference; fileEncoding = 4; lastKnownFileType = sourcecode.c.h; path = CPTTextStylePlatformSpecific.h; sourceTree = "<group>"; };
		8349AD3318BEA0B3009C5BDD /* CPTTheme.h */ = {isa = PBXFileReference; fileEncoding = 4; lastKnownFileType = sourcecode.c.h; path = CPTTheme.h; sourceTree = "<group>"; };
		8349AD3418BEA0B3009C5BDD /* CPTTimeFormatter.h */ = {isa = PBXFileReference; fileEncoding = 4; lastKnownFileType = sourcecode.c.h; path = CPTTimeFormatter.h; sourceTree = "<group>"; };
		8349AD3518BEA0B3009C5BDD /* CPTTradingRangePlot.h */ = {isa = PBXFileReference; fileEncoding = 4; lastKnownFileType = sourcecode.c.h; path = CPTTradingRangePlot.h; sourceTree = "<group>"; };
		8349AD3618BEA0B3009C5BDD /* CPTUtilities.h */ = {isa = PBXFileReference; fileEncoding = 4; lastKnownFileType = sourcecode.c.h; path = CPTUtilities.h; sourceTree = "<group>"; };
		8349AD3718BEA0B3009C5BDD /* CPTXYAxis.h */ = {isa = PBXFileReference; fileEncoding = 4; lastKnownFileType = sourcecode.c.h; path = CPTXYAxis.h; sourceTree = "<group>"; };
		8349AD3818BEA0B3009C5BDD /* CPTXYAxisSet.h */ = {isa = PBXFileReference; fileEncoding = 4; lastKnownFileType = sourcecode.c.h; path = CPTXYAxisSet.h; sourceTree = "<group>"; };
		8349AD3918BEA0B3009C5BDD /* CPTXYGraph.h */ = {isa = PBXFileReference; fileEncoding = 4; lastKnownFileType = sourcecode.c.h; path = CPTXYGraph.h; sourceTree = "<group>"; };
		8349AD3A18BEA0B3009C5BDD /* CPTXYPlotSpace.h */ = {isa = PBXFileReference; fileEncoding = 4; lastKnownFileType = sourcecode.c.h; path = CPTXYPlotSpace.h; sourceTree = "<group>"; };
		8349AD3B18BEA0B3009C5BDD /* mainpage.h */ = {isa = PBXFileReference; fileEncoding = 4; lastKnownFileType = sourcecode.c.h; path = mainpage.h; sourceTree = "<group>"; };
		8349AD3C18BEA0B3009C5BDD /* NSCoderExtensions.h */ = {isa = PBXFileReference; fileEncoding = 4; lastKnownFileType = sourcecode.c.h; path = NSCoderExtensions.h; sourceTree = "<group>"; };
		8349AD3D18BEA0B3009C5BDD /* NSDecimalNumberExtensions.h */ = {isa = PBXFileReference; fileEncoding = 4; lastKnownFileType = sourcecode.c.h; path = NSDecimalNumberExtensions.h; sourceTree = "<group>"; };
		8349AD3E18BEA0B3009C5BDD /* NSNumberExtensions.h */ = {isa = PBXFileReference; fileEncoding = 4; lastKnownFileType = sourcecode.c.h; path = NSNumberExtensions.h; sourceTree = "<group>"; };
		8349AD3F18BEA0B3009C5BDD /* libCorePlot-CocoaTouch.a */ = {isa = PBXFileReference; lastKnownFileType = archive.ar; path = "libCorePlot-CocoaTouch.a"; sourceTree = "<group>"; };
		8380978318C01F2700DF175E /* ScatterPlotViewController.h */ = {isa = PBXFileReference; fileEncoding = 4; lastKnownFileType = sourcecode.c.h; path = ScatterPlotViewController.h; sourceTree = "<group>"; };
		8380978418C01F2700DF175E /* ScatterPlotViewController.m */ = {isa = PBXFileReference; fileEncoding = 4; lastKnownFileType = sourcecode.c.objc; path = ScatterPlotViewController.m; sourceTree = "<group>"; };
		8380978618C01F3700DF175E /* BarGraphViewController.h */ = {isa = PBXFileReference; fileEncoding = 4; lastKnownFileType = sourcecode.c.h; path = BarGraphViewController.h; sourceTree = "<group>"; };
		8380978718C01F3700DF175E /* BarGraphViewController.m */ = {isa = PBXFileReference; fileEncoding = 4; lastKnownFileType = sourcecode.c.objc; path = BarGraphViewController.m; sourceTree = "<group>"; };
		8380978918C0201700DF175E /* SettingsViewController.h */ = {isa = PBXFileReference; fileEncoding = 4; lastKnownFileType = sourcecode.c.h; path = SettingsViewController.h; sourceTree = "<group>"; };
		8380978A18C0201700DF175E /* SettingsViewController.m */ = {isa = PBXFileReference; fileEncoding = 4; lastKnownFileType = sourcecode.c.objc; path = SettingsViewController.m; sourceTree = "<group>"; };
		8383AEAD18A5D7D6000DAFC7 /* search-32.png */ = {isa = PBXFileReference; lastKnownFileType = image.png; path = "search-32.png"; sourceTree = "<group>"; };
		8383AEAE18A5D7D6000DAFC7 /* star-32.png */ = {isa = PBXFileReference; lastKnownFileType = image.png; path = "star-32.png"; sourceTree = "<group>"; };
		8383AEB018A5D7D6000DAFC7 /* statistics-256.png */ = {isa = PBXFileReference; lastKnownFileType = image.png; path = "statistics-256.png"; sourceTree = "<group>"; };
		83AFF1A518BEA1EA00C5D3E0 /* QuartzCore.framework */ = {isa = PBXFileReference; lastKnownFileType = wrapper.framework; name = QuartzCore.framework; path = System/Library/Frameworks/QuartzCore.framework; sourceTree = SDKROOT; };
		83AFF1A718BEA4A700C5D3E0 /* StatisticsViewController.h */ = {isa = PBXFileReference; fileEncoding = 4; lastKnownFileType = sourcecode.c.h; path = StatisticsViewController.h; sourceTree = "<group>"; };
		83AFF1A818BEA4A700C5D3E0 /* StatisticsViewController.m */ = {isa = PBXFileReference; fileEncoding = 4; lastKnownFileType = sourcecode.c.objc; path = StatisticsViewController.m; sourceTree = "<group>"; };
		83AFF1AA18BEAAFC00C5D3E0 /* bar_chart-32.png */ = {isa = PBXFileReference; lastKnownFileType = image.png; path = "bar_chart-32.png"; sourceTree = "<group>"; };
		83AFF1AC18BEAB0900C5D3E0 /* pie_chart-32.png */ = {isa = PBXFileReference; lastKnownFileType = image.png; path = "pie_chart-32.png"; sourceTree = "<group>"; };
		83AFF1AE18BEAB1300C5D3E0 /* scatter_plot-32.png */ = {isa = PBXFileReference; lastKnownFileType = image.png; path = "scatter_plot-32.png"; sourceTree = "<group>"; };
		83AFF1B018BEAB3500C5D3E0 /* pie_chart-25.png */ = {isa = PBXFileReference; lastKnownFileType = image.png; path = "pie_chart-25.png"; sourceTree = "<group>"; };
		83AFF1B218BEB0EE00C5D3E0 /* PieChartViewController.h */ = {isa = PBXFileReference; fileEncoding = 4; lastKnownFileType = sourcecode.c.h; path = PieChartViewController.h; sourceTree = "<group>"; };
		83AFF1B318BEB0EE00C5D3E0 /* PieChartViewController.m */ = {isa = PBXFileReference; fileEncoding = 4; lastKnownFileType = sourcecode.c.objc; path = PieChartViewController.m; sourceTree = "<group>"; };
		83AFF1B518BEB33000C5D3E0 /* DataPieChart.h */ = {isa = PBXFileReference; fileEncoding = 4; lastKnownFileType = sourcecode.c.h; path = DataPieChart.h; sourceTree = "<group>"; };
		83AFF1B618BEB33000C5D3E0 /* DataPieChart.m */ = {isa = PBXFileReference; fileEncoding = 4; lastKnownFileType = sourcecode.c.objc; path = DataPieChart.m; sourceTree = "<group>"; };
		83AFF1B818BEC3E000C5D3E0 /* DataCenter.h */ = {isa = PBXFileReference; fileEncoding = 4; lastKnownFileType = sourcecode.c.h; path = DataCenter.h; sourceTree = "<group>"; };
		83AFF1B918BEC3E000C5D3E0 /* DataCenter.m */ = {isa = PBXFileReference; fileEncoding = 4; lastKnownFileType = sourcecode.c.objc; path = DataCenter.m; sourceTree = "<group>"; };
		83DC3DF418B2FCC90059F2C1 /* BookmarksController.h */ = {isa = PBXFileReference; fileEncoding = 4; lastKnownFileType = sourcecode.c.h; path = BookmarksController.h; sourceTree = "<group>"; };
		83DC3DF518B2FCC90059F2C1 /* BookmarksController.m */ = {isa = PBXFileReference; fileEncoding = 4; lastKnownFileType = sourcecode.c.objc; path = BookmarksController.m; sourceTree = "<group>"; };
		83DD968218A4F63700C0C1E9 /* RECommonFunctions.h */ = {isa = PBXFileReference; fileEncoding = 4; lastKnownFileType = sourcecode.c.h; path = RECommonFunctions.h; sourceTree = "<group>"; };
		83DD968318A4F63700C0C1E9 /* RECommonFunctions.m */ = {isa = PBXFileReference; fileEncoding = 4; lastKnownFileType = sourcecode.c.objc; path = RECommonFunctions.m; sourceTree = "<group>"; };
		83DD968418A4F63700C0C1E9 /* RESideMenu.h */ = {isa = PBXFileReference; fileEncoding = 4; lastKnownFileType = sourcecode.c.h; path = RESideMenu.h; sourceTree = "<group>"; };
		83DD968518A4F63700C0C1E9 /* RESideMenu.m */ = {isa = PBXFileReference; fileEncoding = 4; lastKnownFileType = sourcecode.c.objc; path = RESideMenu.m; sourceTree = "<group>"; };
		83DD968618A4F63700C0C1E9 /* UIViewController+RESideMenu.h */ = {isa = PBXFileReference; fileEncoding = 4; lastKnownFileType = sourcecode.c.h; path = "UIViewController+RESideMenu.h"; sourceTree = "<group>"; };
		83DD968718A4F63700C0C1E9 /* UIViewController+RESideMenu.m */ = {isa = PBXFileReference; fileEncoding = 4; lastKnownFileType = sourcecode.c.objc; path = "UIViewController+RESideMenu.m"; sourceTree = "<group>"; };
		83DD968C18A4F6A700C0C1E9 /* MenuViewController.h */ = {isa = PBXFileReference; fileEncoding = 4; lastKnownFileType = sourcecode.c.h; path = MenuViewController.h; sourceTree = "<group>"; };
		83DD968D18A4F6A700C0C1E9 /* MenuViewController.m */ = {isa = PBXFileReference; fileEncoding = 4; lastKnownFileType = sourcecode.c.objc; path = MenuViewController.m; sourceTree = "<group>"; };
		83DD969B18A4FA5D00C0C1E9 /* RootViewController.h */ = {isa = PBXFileReference; fileEncoding = 4; lastKnownFileType = sourcecode.c.h; path = RootViewController.h; sourceTree = "<group>"; };
		83DD969C18A4FA5D00C0C1E9 /* RootViewController.m */ = {isa = PBXFileReference; fileEncoding = 4; lastKnownFileType = sourcecode.c.objc; path = RootViewController.m; sourceTree = "<group>"; };
		83E0074D18BD6A0800FAE7DF /* History.h */ = {isa = PBXFileReference; fileEncoding = 4; lastKnownFileType = sourcecode.c.h; path = History.h; sourceTree = "<group>"; };
		83E0074E18BD6A0800FAE7DF /* History.m */ = {isa = PBXFileReference; fileEncoding = 4; lastKnownFileType = sourcecode.c.objc; path = History.m; sourceTree = "<group>"; };
		83E0075018BD7C8700FAE7DF /* HistoryViewController.h */ = {isa = PBXFileReference; fileEncoding = 4; lastKnownFileType = sourcecode.c.h; path = HistoryViewController.h; sourceTree = "<group>"; };
		83E0075118BD7C8700FAE7DF /* HistoryViewController.m */ = {isa = PBXFileReference; fileEncoding = 4; lastKnownFileType = sourcecode.c.objc; path = HistoryViewController.m; sourceTree = "<group>"; };
		83E79A9F18EB5B4700D45C4D /* SettingsIcon.png */ = {isa = PBXFileReference; lastKnownFileType = image.png; path = SettingsIcon.png; sourceTree = "<group>"; };
		83E79AA118EB5CA300D45C4D /* StarsInSpace.png */ = {isa = PBXFileReference; lastKnownFileType = image.png; path = StarsInSpace.png; sourceTree = "<group>"; };
		83E8389A18A402430086F246 /* ICDEasyOn.app */ = {isa = PBXFileReference; explicitFileType = wrapper.application; includeInIndex = 0; path = ICDEasyOn.app; sourceTree = BUILT_PRODUCTS_DIR; };
		83E8389D18A402430086F246 /* Foundation.framework */ = {isa = PBXFileReference; lastKnownFileType = wrapper.framework; name = Foundation.framework; path = System/Library/Frameworks/Foundation.framework; sourceTree = SDKROOT; };
		83E8389F18A402430086F246 /* CoreGraphics.framework */ = {isa = PBXFileReference; lastKnownFileType = wrapper.framework; name = CoreGraphics.framework; path = System/Library/Frameworks/CoreGraphics.framework; sourceTree = SDKROOT; };
		83E838A118A402430086F246 /* UIKit.framework */ = {isa = PBXFileReference; lastKnownFileType = wrapper.framework; name = UIKit.framework; path = System/Library/Frameworks/UIKit.framework; sourceTree = SDKROOT; };
		83E838A518A402440086F246 /* ICDEasyOn-Info.plist */ = {isa = PBXFileReference; lastKnownFileType = text.plist.xml; path = "ICDEasyOn-Info.plist"; sourceTree = "<group>"; };
		83E838A718A402440086F246 /* en */ = {isa = PBXFileReference; lastKnownFileType = text.plist.strings; name = en; path = en.lproj/InfoPlist.strings; sourceTree = "<group>"; };
		83E838A918A402440086F246 /* main.m */ = {isa = PBXFileReference; lastKnownFileType = sourcecode.c.objc; path = main.m; sourceTree = "<group>"; };
		83E838AB18A402440086F246 /* ICDEasyOn-Prefix.pch */ = {isa = PBXFileReference; lastKnownFileType = sourcecode.c.h; path = "ICDEasyOn-Prefix.pch"; sourceTree = "<group>"; };
		83E838AC18A402440086F246 /* AppDelegate.h */ = {isa = PBXFileReference; lastKnownFileType = sourcecode.c.h; path = AppDelegate.h; sourceTree = "<group>"; };
		83E838AD18A402440086F246 /* AppDelegate.m */ = {isa = PBXFileReference; lastKnownFileType = sourcecode.c.objc; path = AppDelegate.m; sourceTree = "<group>"; };
		83E838B018A402440086F246 /* Base */ = {isa = PBXFileReference; lastKnownFileType = file.storyboard; name = Base; path = Base.lproj/Main.storyboard; sourceTree = "<group>"; };
		83E838B218A402440086F246 /* MasterViewController.h */ = {isa = PBXFileReference; lastKnownFileType = sourcecode.c.h; path = MasterViewController.h; sourceTree = "<group>"; };
		83E838B318A402440086F246 /* MasterViewController.m */ = {isa = PBXFileReference; lastKnownFileType = sourcecode.c.objc; path = MasterViewController.m; sourceTree = "<group>"; };
		83E838B518A402440086F246 /* DetailViewController.h */ = {isa = PBXFileReference; lastKnownFileType = sourcecode.c.h; path = DetailViewController.h; sourceTree = "<group>"; };
		83E838B618A402440086F246 /* DetailViewController.m */ = {isa = PBXFileReference; lastKnownFileType = sourcecode.c.objc; path = DetailViewController.m; sourceTree = "<group>"; };
		83E838B818A402440086F246 /* Images.xcassets */ = {isa = PBXFileReference; lastKnownFileType = folder.assetcatalog; path = Images.xcassets; sourceTree = "<group>"; };
		83E838BE18A402440086F246 /* ICDEasyOnTests.xctest */ = {isa = PBXFileReference; explicitFileType = wrapper.cfbundle; includeInIndex = 0; path = ICDEasyOnTests.xctest; sourceTree = BUILT_PRODUCTS_DIR; };
		83E838BF18A402440086F246 /* XCTest.framework */ = {isa = PBXFileReference; lastKnownFileType = wrapper.framework; name = XCTest.framework; path = Library/Frameworks/XCTest.framework; sourceTree = DEVELOPER_DIR; };
		83E838C718A402440086F246 /* ICDEasyOnTests-Info.plist */ = {isa = PBXFileReference; lastKnownFileType = text.plist.xml; path = "ICDEasyOnTests-Info.plist"; sourceTree = "<group>"; };
		83E838C918A402440086F246 /* en */ = {isa = PBXFileReference; lastKnownFileType = text.plist.strings; name = en; path = en.lproj/InfoPlist.strings; sourceTree = "<group>"; };
		83E838CB18A402440086F246 /* ICDEasyOnTests.m */ = {isa = PBXFileReference; lastKnownFileType = sourcecode.c.objc; path = ICDEasyOnTests.m; sourceTree = "<group>"; };
		83E838D618A455620086F246 /* CodeICD.h */ = {isa = PBXFileReference; fileEncoding = 4; lastKnownFileType = sourcecode.c.h; path = CodeICD.h; sourceTree = "<group>"; };
		83E838D718A455620086F246 /* CodeICD.m */ = {isa = PBXFileReference; fileEncoding = 4; lastKnownFileType = sourcecode.c.objc; path = CodeICD.m; sourceTree = "<group>"; };
		83E838D818A455620086F246 /* iOSRequest.h */ = {isa = PBXFileReference; fileEncoding = 4; lastKnownFileType = sourcecode.c.h; path = iOSRequest.h; sourceTree = "<group>"; };
		83E838D918A455620086F246 /* iOSRequest.m */ = {isa = PBXFileReference; fileEncoding = 4; lastKnownFileType = sourcecode.c.objc; path = iOSRequest.m; sourceTree = "<group>"; };
		83E838DA18A455620086F246 /* Parser.h */ = {isa = PBXFileReference; fileEncoding = 4; lastKnownFileType = sourcecode.c.h; path = Parser.h; sourceTree = "<group>"; };
		83E838DB18A455620086F246 /* Parser.m */ = {isa = PBXFileReference; fileEncoding = 4; lastKnownFileType = sourcecode.c.objc; path = Parser.m; sourceTree = "<group>"; };
		83E838DF18A456C40086F246 /* NSString+WebService.h */ = {isa = PBXFileReference; fileEncoding = 4; lastKnownFileType = sourcecode.c.h; path = "NSString+WebService.h"; sourceTree = "<group>"; };
		83E838E018A456C40086F246 /* NSString+WebService.m */ = {isa = PBXFileReference; fileEncoding = 4; lastKnownFileType = sourcecode.c.objc; path = "NSString+WebService.m"; sourceTree = "<group>"; };
		83E838E518A4653A0086F246 /* menu-26.png */ = {isa = PBXFileReference; lastKnownFileType = image.png; path = "menu-26.png"; sourceTree = "<group>"; };
		83F11AC518B8104D00438928 /* SVProgressHUD.h */ = {isa = PBXFileReference; fileEncoding = 4; lastKnownFileType = sourcecode.c.h; path = SVProgressHUD.h; sourceTree = "<group>"; };
		83F11AC618B8104D00438928 /* SVProgressHUD.m */ = {isa = PBXFileReference; fileEncoding = 4; lastKnownFileType = sourcecode.c.objc; path = SVProgressHUD.m; sourceTree = "<group>"; };
		83F11AC818B8119700438928 /* SVProgressHUD.bundle */ = {isa = PBXFileReference; lastKnownFileType = "wrapper.plug-in"; path = SVProgressHUD.bundle; sourceTree = "<group>"; };
		83F11AD118B8242A00438928 /* fold.png */ = {isa = PBXFileReference; lastKnownFileType = image.png; path = fold.png; sourceTree = "<group>"; };
		83F3907318B8DDA700345888 /* GDataXMLNode.h */ = {isa = PBXFileReference; fileEncoding = 4; lastKnownFileType = sourcecode.c.h; path = GDataXMLNode.h; sourceTree = "<group>"; };
		83F3907418B8DDA700345888 /* GDataXMLNode.m */ = {isa = PBXFileReference; fileEncoding = 4; lastKnownFileType = sourcecode.c.objc; path = GDataXMLNode.m; sourceTree = "<group>"; };
		83F3907818B8E3BA00345888 /* GDataParser.h */ = {isa = PBXFileReference; fileEncoding = 4; lastKnownFileType = sourcecode.c.h; path = GDataParser.h; sourceTree = "<group>"; };
		83F3907918B8E3BA00345888 /* GDataParser.m */ = {isa = PBXFileReference; fileEncoding = 4; lastKnownFileType = sourcecode.c.objc; path = GDataParser.m; sourceTree = "<group>"; };
		83F3907F18B8FC3300345888 /* libxml2.dylib */ = {isa = PBXFileReference; lastKnownFileType = "compiled.mach-o.dylib"; name = libxml2.dylib; path = usr/lib/libxml2.dylib; sourceTree = SDKROOT; };
		83F844EE18B044F6000BAB03 /* AdvancedSearchViewController.h */ = {isa = PBXFileReference; fileEncoding = 4; lastKnownFileType = sourcecode.c.h; path = AdvancedSearchViewController.h; sourceTree = "<group>"; };
		83F844EF18B044F6000BAB03 /* AdvancedSearchViewController.m */ = {isa = PBXFileReference; fileEncoding = 4; lastKnownFileType = sourcecode.c.objc; path = AdvancedSearchViewController.m; sourceTree = "<group>"; };
/* End PBXFileReference section */

/* Begin PBXFrameworksBuildPhase section */
		83E8389718A402430086F246 /* Frameworks */ = {
			isa = PBXFrameworksBuildPhase;
			buildActionMask = 2147483647;
			files = (
				83AFF1A618BEA1EA00C5D3E0 /* QuartzCore.framework in Frameworks */,
				8321B8A818BC1706007CCB23 /* MessageUI.framework in Frameworks */,
				83F3908018B8FC3300345888 /* libxml2.dylib in Frameworks */,
				83E838A018A402430086F246 /* CoreGraphics.framework in Frameworks */,
				83E838A218A402430086F246 /* UIKit.framework in Frameworks */,
				83E8389E18A402430086F246 /* Foundation.framework in Frameworks */,
				8349AD4018BEA0B3009C5BDD /* libCorePlot-CocoaTouch.a in Frameworks */,
			);
			runOnlyForDeploymentPostprocessing = 0;
		};
		83E838BB18A402440086F246 /* Frameworks */ = {
			isa = PBXFrameworksBuildPhase;
			buildActionMask = 2147483647;
			files = (
				83E838C018A402440086F246 /* XCTest.framework in Frameworks */,
				83E838C218A402440086F246 /* UIKit.framework in Frameworks */,
				83E838C118A402440086F246 /* Foundation.framework in Frameworks */,
			);
			runOnlyForDeploymentPostprocessing = 0;
		};
/* End PBXFrameworksBuildPhase section */

/* Begin PBXGroup section */
		8349AC4C18BEA06A009C5BDD /* CorePlot */ = {
			isa = PBXGroup;
			children = (
				830E91FF18C2D8AA0090827D /* CPDConstants.h */,
				830E920018C2D8AA0090827D /* CPDConstants.m */,
				8349ACF018BEA0B3009C5BDD /* CorePlotHeaders */,
				8349AD3F18BEA0B3009C5BDD /* libCorePlot-CocoaTouch.a */,
			);
			name = CorePlot;
			sourceTree = "<group>";
		};
		8349ACF018BEA0B3009C5BDD /* CorePlotHeaders */ = {
			isa = PBXGroup;
			children = (
				8349ACF118BEA0B3009C5BDD /* CorePlot-CocoaTouch.h */,
				8349ACF218BEA0B3009C5BDD /* CPTAnimation.h */,
				8349ACF318BEA0B3009C5BDD /* CPTAnimationOperation.h */,
				8349ACF418BEA0B3009C5BDD /* CPTAnimationPeriod.h */,
				8349ACF518BEA0B3009C5BDD /* CPTAnnotation.h */,
				8349ACF618BEA0B3009C5BDD /* CPTAnnotationHostLayer.h */,
				8349ACF718BEA0B3009C5BDD /* CPTAxis.h */,
				8349ACF818BEA0B3009C5BDD /* CPTAxisLabel.h */,
				8349ACF918BEA0B3009C5BDD /* CPTAxisLabelGroup.h */,
				8349ACFA18BEA0B3009C5BDD /* CPTAxisSet.h */,
				8349ACFB18BEA0B3009C5BDD /* CPTAxisTitle.h */,
				8349ACFC18BEA0B3009C5BDD /* CPTBarPlot.h */,
				8349ACFD18BEA0B3009C5BDD /* CPTBorderedLayer.h */,
				8349ACFE18BEA0B3009C5BDD /* CPTCalendarFormatter.h */,
				8349ACFF18BEA0B3009C5BDD /* CPTColor.h */,
				8349AD0018BEA0B3009C5BDD /* CPTColorSpace.h */,
				8349AD0118BEA0B3009C5BDD /* CPTConstraints.h */,
				8349AD0218BEA0B3009C5BDD /* CPTDataSourceTestCase.h */,
				8349AD0318BEA0B3009C5BDD /* CPTDefinitions.h */,
				8349AD0418BEA0B3009C5BDD /* CPTDerivedXYGraph.h */,
				8349AD0518BEA0B3009C5BDD /* CPTExceptions.h */,
				8349AD0618BEA0B3009C5BDD /* CPTFill.h */,
				8349AD0718BEA0B3009C5BDD /* CPTFunctionDataSource.h */,
				8349AD0818BEA0B3009C5BDD /* CPTGradient.h */,
				8349AD0918BEA0B3009C5BDD /* CPTGraph.h */,
				8349AD0A18BEA0B3009C5BDD /* CPTGraphHostingView.h */,
				8349AD0B18BEA0B3009C5BDD /* CPTGridLineGroup.h */,
				8349AD0C18BEA0B3009C5BDD /* CPTGridLines.h */,
				8349AD0D18BEA0B3009C5BDD /* CPTImage.h */,
				8349AD0E18BEA0B3009C5BDD /* CPTLayer.h */,
				8349AD0F18BEA0B3009C5BDD /* CPTLayerAnnotation.h */,
				8349AD1018BEA0B3009C5BDD /* CPTLegend.h */,
				8349AD1118BEA0B3009C5BDD /* CPTLegendEntry.h */,
				8349AD1218BEA0B3009C5BDD /* CPTLimitBand.h */,
				8349AD1318BEA0B3009C5BDD /* CPTLineCap.h */,
				8349AD1418BEA0B3009C5BDD /* CPTLineStyle.h */,
				8349AD1518BEA0B3009C5BDD /* CPTMutableLineStyle.h */,
				8349AD1618BEA0B3009C5BDD /* CPTMutableNumericData+TypeConversion.h */,
				8349AD1718BEA0B3009C5BDD /* CPTMutableNumericData.h */,
				8349AD1818BEA0B3009C5BDD /* CPTMutablePlotRange.h */,
				8349AD1918BEA0B3009C5BDD /* CPTMutableShadow.h */,
				8349AD1A18BEA0B3009C5BDD /* CPTMutableTextStyle.h */,
				8349AD1B18BEA0B3009C5BDD /* CPTNumericData+TypeConversion.h */,
				8349AD1C18BEA0B3009C5BDD /* CPTNumericData.h */,
				8349AD1D18BEA0B3009C5BDD /* CPTNumericDataType.h */,
				8349AD1E18BEA0B3009C5BDD /* CPTPathExtensions.h */,
				8349AD1F18BEA0B3009C5BDD /* CPTPieChart.h */,
				8349AD2018BEA0B3009C5BDD /* CPTPlatformSpecificCategories.h */,
				8349AD2118BEA0B3009C5BDD /* CPTPlatformSpecificDefines.h */,
				8349AD2218BEA0B3009C5BDD /* CPTPlatformSpecificFunctions.h */,
				8349AD2318BEA0B3009C5BDD /* CPTPlot.h */,
				8349AD2418BEA0B3009C5BDD /* CPTPlotArea.h */,
				8349AD2518BEA0B3009C5BDD /* CPTPlotAreaFrame.h */,
				8349AD2618BEA0B3009C5BDD /* CPTPlotGroup.h */,
				8349AD2718BEA0B3009C5BDD /* CPTPlotRange.h */,
				8349AD2818BEA0B3009C5BDD /* CPTPlotSpace.h */,
				8349AD2918BEA0B3009C5BDD /* CPTPlotSpaceAnnotation.h */,
				8349AD2A18BEA0B3009C5BDD /* CPTPlotSymbol.h */,
				8349AD2B18BEA0B3009C5BDD /* CPTRangePlot.h */,
				8349AD2C18BEA0B3009C5BDD /* CPTResponder.h */,
				8349AD2D18BEA0B3009C5BDD /* CPTScatterPlot.h */,
				8349AD2E18BEA0B3009C5BDD /* CPTShadow.h */,
				8349AD2F18BEA0B3009C5BDD /* CPTTestCase.h */,
				8349AD3018BEA0B3009C5BDD /* CPTTextLayer.h */,
				8349AD3118BEA0B3009C5BDD /* CPTTextStyle.h */,
				8349AD3218BEA0B3009C5BDD /* CPTTextStylePlatformSpecific.h */,
				8349AD3318BEA0B3009C5BDD /* CPTTheme.h */,
				8349AD3418BEA0B3009C5BDD /* CPTTimeFormatter.h */,
				8349AD3518BEA0B3009C5BDD /* CPTTradingRangePlot.h */,
				8349AD3618BEA0B3009C5BDD /* CPTUtilities.h */,
				8349AD3718BEA0B3009C5BDD /* CPTXYAxis.h */,
				8349AD3818BEA0B3009C5BDD /* CPTXYAxisSet.h */,
				8349AD3918BEA0B3009C5BDD /* CPTXYGraph.h */,
				8349AD3A18BEA0B3009C5BDD /* CPTXYPlotSpace.h */,
				8349AD3B18BEA0B3009C5BDD /* mainpage.h */,
				8349AD3C18BEA0B3009C5BDD /* NSCoderExtensions.h */,
				8349AD3D18BEA0B3009C5BDD /* NSDecimalNumberExtensions.h */,
				8349AD3E18BEA0B3009C5BDD /* NSNumberExtensions.h */,
			);
			path = CorePlotHeaders;
			sourceTree = "<group>";
		};
		83DD968B18A4F65B00C0C1E9 /* Controllers */ = {
			isa = PBXGroup;
			children = (
				83E838B218A402440086F246 /* MasterViewController.h */,
				83E838B318A402440086F246 /* MasterViewController.m */,
				83E838B518A402440086F246 /* DetailViewController.h */,
				83E838B618A402440086F246 /* DetailViewController.m */,
				83DD968C18A4F6A700C0C1E9 /* MenuViewController.h */,
				83DD968D18A4F6A700C0C1E9 /* MenuViewController.m */,
				83DD969B18A4FA5D00C0C1E9 /* RootViewController.h */,
				83DD969C18A4FA5D00C0C1E9 /* RootViewController.m */,
				83F844EE18B044F6000BAB03 /* AdvancedSearchViewController.h */,
				83F844EF18B044F6000BAB03 /* AdvancedSearchViewController.m */,
				83DC3DF418B2FCC90059F2C1 /* BookmarksController.h */,
				83DC3DF518B2FCC90059F2C1 /* BookmarksController.m */,
				83E0075018BD7C8700FAE7DF /* HistoryViewController.h */,
				83E0075118BD7C8700FAE7DF /* HistoryViewController.m */,
				83AFF1A718BEA4A700C5D3E0 /* StatisticsViewController.h */,
				83AFF1A818BEA4A700C5D3E0 /* StatisticsViewController.m */,
				83AFF1B218BEB0EE00C5D3E0 /* PieChartViewController.h */,
				83AFF1B318BEB0EE00C5D3E0 /* PieChartViewController.m */,
				8380978318C01F2700DF175E /* ScatterPlotViewController.h */,
				8380978418C01F2700DF175E /* ScatterPlotViewController.m */,
				8380978618C01F3700DF175E /* BarGraphViewController.h */,
				8380978718C01F3700DF175E /* BarGraphViewController.m */,
				8380978918C0201700DF175E /* SettingsViewController.h */,
				8380978A18C0201700DF175E /* SettingsViewController.m */,
			);
			name = Controllers;
			sourceTree = "<group>";
		};
		83E8389118A402430086F246 = {
			isa = PBXGroup;
			children = (
				83E838A318A402430086F246 /* ICDEasyOn */,
				83E838C518A402440086F246 /* ICDEasyOnTests */,
				83E8389C18A402430086F246 /* Frameworks */,
				83E8389B18A402430086F246 /* Products */,
			);
			sourceTree = "<group>";
		};
		83E8389B18A402430086F246 /* Products */ = {
			isa = PBXGroup;
			children = (
				83E8389A18A402430086F246 /* ICDEasyOn.app */,
				83E838BE18A402440086F246 /* ICDEasyOnTests.xctest */,
			);
			name = Products;
			sourceTree = "<group>";
		};
		83E8389C18A402430086F246 /* Frameworks */ = {
			isa = PBXGroup;
			children = (
				83AFF1A518BEA1EA00C5D3E0 /* QuartzCore.framework */,
				8321B8A718BC1706007CCB23 /* MessageUI.framework */,
				83F3907F18B8FC3300345888 /* libxml2.dylib */,
				83E8389D18A402430086F246 /* Foundation.framework */,
				83E8389F18A402430086F246 /* CoreGraphics.framework */,
				83E838A118A402430086F246 /* UIKit.framework */,
				83E838BF18A402440086F246 /* XCTest.framework */,
			);
			name = Frameworks;
			sourceTree = "<group>";
		};
		83E838A318A402430086F246 /* ICDEasyOn */ = {
			isa = PBXGroup;
			children = (
				8349AC4C18BEA06A009C5BDD /* CorePlot */,
				83DD968B18A4F65B00C0C1E9 /* Controllers */,
				83F11ACA18B812C700438928 /* SVProgressHUD */,
				83E838E718A482080086F246 /* SideMenu */,
				83E838E218A462670086F246 /* Images */,
				83F3907218B8DD8900345888 /* GDataXML */,
				83E838D518A4550D0086F246 /* Model */,
				83E838AC18A402440086F246 /* AppDelegate.h */,
				83E838AD18A402440086F246 /* AppDelegate.m */,
				83E838AF18A402440086F246 /* Main.storyboard */,
				83E838B818A402440086F246 /* Images.xcassets */,
				83E838A418A402440086F246 /* Supporting Files */,
			);
			path = ICDEasyOn;
			sourceTree = "<group>";
		};
		83E838A418A402440086F246 /* Supporting Files */ = {
			isa = PBXGroup;
			children = (
				83E838A518A402440086F246 /* ICDEasyOn-Info.plist */,
				83E838A618A402440086F246 /* InfoPlist.strings */,
				83E838A918A402440086F246 /* main.m */,
				83E838AB18A402440086F246 /* ICDEasyOn-Prefix.pch */,
			);
			name = "Supporting Files";
			sourceTree = "<group>";
		};
		83E838C518A402440086F246 /* ICDEasyOnTests */ = {
			isa = PBXGroup;
			children = (
				83E838CB18A402440086F246 /* ICDEasyOnTests.m */,
				83E838C618A402440086F246 /* Supporting Files */,
			);
			path = ICDEasyOnTests;
			sourceTree = "<group>";
		};
		83E838C618A402440086F246 /* Supporting Files */ = {
			isa = PBXGroup;
			children = (
				83E838C718A402440086F246 /* ICDEasyOnTests-Info.plist */,
				83E838C818A402440086F246 /* InfoPlist.strings */,
			);
			name = "Supporting Files";
			sourceTree = "<group>";
		};
		83E838D518A4550D0086F246 /* Model */ = {
			isa = PBXGroup;
			children = (
				83E838DF18A456C40086F246 /* NSString+WebService.h */,
				83E838E018A456C40086F246 /* NSString+WebService.m */,
				83E838D618A455620086F246 /* CodeICD.h */,
				83E838D718A455620086F246 /* CodeICD.m */,
				83E838D818A455620086F246 /* iOSRequest.h */,
				83E838D918A455620086F246 /* iOSRequest.m */,
				83E838DA18A455620086F246 /* Parser.h */,
				83E838DB18A455620086F246 /* Parser.m */,
				83F3907818B8E3BA00345888 /* GDataParser.h */,
				83F3907918B8E3BA00345888 /* GDataParser.m */,
				83E0074D18BD6A0800FAE7DF /* History.h */,
				83E0074E18BD6A0800FAE7DF /* History.m */,
				83AFF1B518BEB33000C5D3E0 /* DataPieChart.h */,
				83AFF1B618BEB33000C5D3E0 /* DataPieChart.m */,
				83AFF1B818BEC3E000C5D3E0 /* DataCenter.h */,
				83AFF1B918BEC3E000C5D3E0 /* DataCenter.m */,
			);
			name = Model;
			sourceTree = "<group>";
		};
		83E838E218A462670086F246 /* Images */ = {
			isa = PBXGroup;
			children = (
				83E79AA118EB5CA300D45C4D /* StarsInSpace.png */,
				83E79A9F18EB5B4700D45C4D /* SettingsIcon.png */,
				83AFF1B018BEAB3500C5D3E0 /* pie_chart-25.png */,
				83AFF1AE18BEAB1300C5D3E0 /* scatter_plot-32.png */,
				83AFF1AC18BEAB0900C5D3E0 /* pie_chart-32.png */,
				83AFF1AA18BEAAFC00C5D3E0 /* bar_chart-32.png */,
				83F11AD118B8242A00438928 /* fold.png */,
				83043E0918A5E28300FA6DA6 /* outline_star-256.png */,
				8383AEAD18A5D7D6000DAFC7 /* search-32.png */,
				8383AEAE18A5D7D6000DAFC7 /* star-32.png */,
				8383AEB018A5D7D6000DAFC7 /* statistics-256.png */,
				83E838E518A4653A0086F246 /* menu-26.png */,
			);
			name = Images;
			sourceTree = "<group>";
		};
		83E838E718A482080086F246 /* SideMenu */ = {
			isa = PBXGroup;
			children = (
				83DD968218A4F63700C0C1E9 /* RECommonFunctions.h */,
				83DD968318A4F63700C0C1E9 /* RECommonFunctions.m */,
				83DD968418A4F63700C0C1E9 /* RESideMenu.h */,
				83DD968518A4F63700C0C1E9 /* RESideMenu.m */,
				83DD968618A4F63700C0C1E9 /* UIViewController+RESideMenu.h */,
				83DD968718A4F63700C0C1E9 /* UIViewController+RESideMenu.m */,
			);
			name = SideMenu;
			sourceTree = "<group>";
		};
		83F11ACA18B812C700438928 /* SVProgressHUD */ = {
			isa = PBXGroup;
			children = (
				83F11AC818B8119700438928 /* SVProgressHUD.bundle */,
				83F11AC518B8104D00438928 /* SVProgressHUD.h */,
				83F11AC618B8104D00438928 /* SVProgressHUD.m */,
			);
			name = SVProgressHUD;
			sourceTree = "<group>";
		};
		83F3907218B8DD8900345888 /* GDataXML */ = {
			isa = PBXGroup;
			children = (
				83F3907318B8DDA700345888 /* GDataXMLNode.h */,
				83F3907418B8DDA700345888 /* GDataXMLNode.m */,
			);
			name = GDataXML;
			sourceTree = "<group>";
		};
/* End PBXGroup section */

/* Begin PBXNativeTarget section */
		83E8389918A402430086F246 /* ICDEasyOn */ = {
			isa = PBXNativeTarget;
			buildConfigurationList = 83E838CF18A402440086F246 /* Build configuration list for PBXNativeTarget "ICDEasyOn" */;
			buildPhases = (
				83E8389618A402430086F246 /* Sources */,
				83E8389718A402430086F246 /* Frameworks */,
				83E8389818A402430086F246 /* Resources */,
			);
			buildRules = (
			);
			dependencies = (
			);
			name = ICDEasyOn;
			productName = ICDEasyOn;
			productReference = 83E8389A18A402430086F246 /* ICDEasyOn.app */;
			productType = "com.apple.product-type.application";
		};
		83E838BD18A402440086F246 /* ICDEasyOnTests */ = {
			isa = PBXNativeTarget;
			buildConfigurationList = 83E838D218A402440086F246 /* Build configuration list for PBXNativeTarget "ICDEasyOnTests" */;
			buildPhases = (
				83E838BA18A402440086F246 /* Sources */,
				83E838BB18A402440086F246 /* Frameworks */,
				83E838BC18A402440086F246 /* Resources */,
			);
			buildRules = (
			);
			dependencies = (
				83E838C418A402440086F246 /* PBXTargetDependency */,
			);
			name = ICDEasyOnTests;
			productName = ICDEasyOnTests;
			productReference = 83E838BE18A402440086F246 /* ICDEasyOnTests.xctest */;
			productType = "com.apple.product-type.bundle.unit-test";
		};
/* End PBXNativeTarget section */

/* Begin PBXProject section */
		83E8389218A402430086F246 /* Project object */ = {
			isa = PBXProject;
			attributes = {
				LastUpgradeCheck = 0500;
				ORGANIZATIONNAME = "Filipe Ferreira";
				TargetAttributes = {
					83E838BD18A402440086F246 = {
						TestTargetID = 83E8389918A402430086F246;
					};
				};
			};
			buildConfigurationList = 83E8389518A402430086F246 /* Build configuration list for PBXProject "ICDEasyOn" */;
			compatibilityVersion = "Xcode 3.2";
			developmentRegion = English;
			hasScannedForEncodings = 0;
			knownRegions = (
				en,
				Base,
			);
			mainGroup = 83E8389118A402430086F246;
			productRefGroup = 83E8389B18A402430086F246 /* Products */;
			projectDirPath = "";
			projectRoot = "";
			targets = (
				83E8389918A402430086F246 /* ICDEasyOn */,
				83E838BD18A402440086F246 /* ICDEasyOnTests */,
			);
		};
/* End PBXProject section */

/* Begin PBXResourcesBuildPhase section */
		83E8389818A402430086F246 /* Resources */ = {
			isa = PBXResourcesBuildPhase;
			buildActionMask = 2147483647;
			files = (
				8383AEB118A5D7D6000DAFC7 /* search-32.png in Resources */,
				8383AEB218A5D7D6000DAFC7 /* star-32.png in Resources */,
				83E79AA218EB5CA300D45C4D /* StarsInSpace.png in Resources */,
				83AFF1AD18BEAB0900C5D3E0 /* pie_chart-32.png in Resources */,
				83E838E618A4653A0086F246 /* menu-26.png in Resources */,
				83AFF1B118BEAB3500C5D3E0 /* pie_chart-25.png in Resources */,
				83E838B918A402440086F246 /* Images.xcassets in Resources */,
				83AFF1AB18BEAAFC00C5D3E0 /* bar_chart-32.png in Resources */,
				83F11AC918B8119700438928 /* SVProgressHUD.bundle in Resources */,
				83E79AA018EB5B4700D45C4D /* SettingsIcon.png in Resources */,
				83E838A818A402440086F246 /* InfoPlist.strings in Resources */,
				83F11AD218B8242A00438928 /* fold.png in Resources */,
				83AFF1AF18BEAB1300C5D3E0 /* scatter_plot-32.png in Resources */,
				8383AEB418A5D7D6000DAFC7 /* statistics-256.png in Resources */,
				83043E0A18A5E28300FA6DA6 /* outline_star-256.png in Resources */,
				83E838B118A402440086F246 /* Main.storyboard in Resources */,
			);
			runOnlyForDeploymentPostprocessing = 0;
		};
		83E838BC18A402440086F246 /* Resources */ = {
			isa = PBXResourcesBuildPhase;
			buildActionMask = 2147483647;
			files = (
				83E838CA18A402440086F246 /* InfoPlist.strings in Resources */,
			);
			runOnlyForDeploymentPostprocessing = 0;
		};
/* End PBXResourcesBuildPhase section */

/* Begin PBXSourcesBuildPhase section */
		83E8389618A402430086F246 /* Sources */ = {
			isa = PBXSourcesBuildPhase;
			buildActionMask = 2147483647;
			files = (
				83AFF1B418BEB0EE00C5D3E0 /* PieChartViewController.m in Sources */,
				83E838AE18A402440086F246 /* AppDelegate.m in Sources */,
				83DD968818A4F63700C0C1E9 /* RECommonFunctions.m in Sources */,
				8380978B18C0201700DF175E /* SettingsViewController.m in Sources */,
				8380978818C01F3700DF175E /* BarGraphViewController.m in Sources */,
				83F844F018B044F6000BAB03 /* AdvancedSearchViewController.m in Sources */,
				83AFF1A918BEA4A700C5D3E0 /* StatisticsViewController.m in Sources */,
				83E0075218BD7C8700FAE7DF /* HistoryViewController.m in Sources */,
				83DC3DF618B2FCC90059F2C1 /* BookmarksController.m in Sources */,
				83F3907A18B8E3BA00345888 /* GDataParser.m in Sources */,
				8380978518C01F2700DF175E /* ScatterPlotViewController.m in Sources */,
				83AFF1B718BEB33000C5D3E0 /* DataPieChart.m in Sources */,
				83E0074F18BD6A0800FAE7DF /* History.m in Sources */,
				83AFF1BA18BEC3E000C5D3E0 /* DataCenter.m in Sources */,
				83E838DD18A455620086F246 /* iOSRequest.m in Sources */,
				83E838E118A456C40086F246 /* NSString+WebService.m in Sources */,
				83E838DC18A455620086F246 /* CodeICD.m in Sources */,
				83E838B418A402440086F246 /* MasterViewController.m in Sources */,
				83E838AA18A402440086F246 /* main.m in Sources */,
				83F11AC718B8104D00438928 /* SVProgressHUD.m in Sources */,
				83DD968E18A4F6A700C0C1E9 /* MenuViewController.m in Sources */,
				83F3907518B8DDA700345888 /* GDataXMLNode.m in Sources */,
				83E838DE18A455620086F246 /* Parser.m in Sources */,
				83DD968918A4F63700C0C1E9 /* RESideMenu.m in Sources */,
				83DD969D18A4FA5D00C0C1E9 /* RootViewController.m in Sources */,
				830E920118C2D8AA0090827D /* CPDConstants.m in Sources */,
				83E838B718A402440086F246 /* DetailViewController.m in Sources */,
				83DD968A18A4F63700C0C1E9 /* UIViewController+RESideMenu.m in Sources */,
			);
			runOnlyForDeploymentPostprocessing = 0;
		};
		83E838BA18A402440086F246 /* Sources */ = {
			isa = PBXSourcesBuildPhase;
			buildActionMask = 2147483647;
			files = (
				83E838CC18A402440086F246 /* ICDEasyOnTests.m in Sources */,
			);
			runOnlyForDeploymentPostprocessing = 0;
		};
/* End PBXSourcesBuildPhase section */

/* Begin PBXTargetDependency section */
		83E838C418A402440086F246 /* PBXTargetDependency */ = {
			isa = PBXTargetDependency;
			target = 83E8389918A402430086F246 /* ICDEasyOn */;
			targetProxy = 83E838C318A402440086F246 /* PBXContainerItemProxy */;
		};
/* End PBXTargetDependency section */

/* Begin PBXVariantGroup section */
		83E838A618A402440086F246 /* InfoPlist.strings */ = {
			isa = PBXVariantGroup;
			children = (
				83E838A718A402440086F246 /* en */,
			);
			name = InfoPlist.strings;
			sourceTree = "<group>";
		};
		83E838AF18A402440086F246 /* Main.storyboard */ = {
			isa = PBXVariantGroup;
			children = (
				83E838B018A402440086F246 /* Base */,
			);
			name = Main.storyboard;
			sourceTree = "<group>";
		};
		83E838C818A402440086F246 /* InfoPlist.strings */ = {
			isa = PBXVariantGroup;
			children = (
				83E838C918A402440086F246 /* en */,
			);
			name = InfoPlist.strings;
			sourceTree = "<group>";
		};
/* End PBXVariantGroup section */

/* Begin XCBuildConfiguration section */
		83E838CD18A402440086F246 /* Debug */ = {
			isa = XCBuildConfiguration;
			buildSettings = {
				ALWAYS_SEARCH_USER_PATHS = NO;
				ARCHS = "$(ARCHS_STANDARD_INCLUDING_64_BIT)";
				CLANG_CXX_LANGUAGE_STANDARD = "gnu++0x";
				CLANG_CXX_LIBRARY = "libc++";
				CLANG_ENABLE_MODULES = YES;
				CLANG_ENABLE_OBJC_ARC = YES;
				CLANG_WARN_BOOL_CONVERSION = YES;
				CLANG_WARN_CONSTANT_CONVERSION = YES;
				CLANG_WARN_DIRECT_OBJC_ISA_USAGE = YES_ERROR;
				CLANG_WARN_EMPTY_BODY = YES;
				CLANG_WARN_ENUM_CONVERSION = YES;
				CLANG_WARN_INT_CONVERSION = YES;
				CLANG_WARN_OBJC_ROOT_CLASS = YES_ERROR;
				CLANG_WARN__DUPLICATE_METHOD_MATCH = YES;
				"CODE_SIGN_IDENTITY[sdk=iphoneos*]" = "iPhone Developer";
				COPY_PHASE_STRIP = NO;
				GCC_C_LANGUAGE_STANDARD = gnu99;
				GCC_DYNAMIC_NO_PIC = NO;
				GCC_OPTIMIZATION_LEVEL = 0;
				GCC_PREPROCESSOR_DEFINITIONS = (
					"DEBUG=1",
					"$(inherited)",
				);
				GCC_SYMBOLS_PRIVATE_EXTERN = NO;
				GCC_WARN_64_TO_32_BIT_CONVERSION = YES;
				GCC_WARN_ABOUT_RETURN_TYPE = YES_ERROR;
				GCC_WARN_UNDECLARED_SELECTOR = YES;
				GCC_WARN_UNINITIALIZED_AUTOS = YES;
				GCC_WARN_UNUSED_FUNCTION = YES;
				GCC_WARN_UNUSED_VARIABLE = YES;
				HEADER_SEARCH_PATHS = (
					"$(inherited)",
					/Applications/Xcode.app/Contents/Developer/Toolchains/XcodeDefault.xctoolchain/usr/include/libxml2,
				);
				IPHONEOS_DEPLOYMENT_TARGET = 7.0;
				ONLY_ACTIVE_ARCH = YES;
				OTHER_LDFLAGS = "-lxml2";
				SDKROOT = iphoneos;
			};
			name = Debug;
		};
		83E838CE18A402440086F246 /* Release */ = {
			isa = XCBuildConfiguration;
			buildSettings = {
				ALWAYS_SEARCH_USER_PATHS = NO;
				ARCHS = "$(ARCHS_STANDARD_INCLUDING_64_BIT)";
				CLANG_CXX_LANGUAGE_STANDARD = "gnu++0x";
				CLANG_CXX_LIBRARY = "libc++";
				CLANG_ENABLE_MODULES = YES;
				CLANG_ENABLE_OBJC_ARC = YES;
				CLANG_WARN_BOOL_CONVERSION = YES;
				CLANG_WARN_CONSTANT_CONVERSION = YES;
				CLANG_WARN_DIRECT_OBJC_ISA_USAGE = YES_ERROR;
				CLANG_WARN_EMPTY_BODY = YES;
				CLANG_WARN_ENUM_CONVERSION = YES;
				CLANG_WARN_INT_CONVERSION = YES;
				CLANG_WARN_OBJC_ROOT_CLASS = YES_ERROR;
				CLANG_WARN__DUPLICATE_METHOD_MATCH = YES;
				"CODE_SIGN_IDENTITY[sdk=iphoneos*]" = "iPhone Developer";
				COPY_PHASE_STRIP = YES;
				ENABLE_NS_ASSERTIONS = NO;
				GCC_C_LANGUAGE_STANDARD = gnu99;
				GCC_WARN_64_TO_32_BIT_CONVERSION = YES;
				GCC_WARN_ABOUT_RETURN_TYPE = YES_ERROR;
				GCC_WARN_UNDECLARED_SELECTOR = YES;
				GCC_WARN_UNINITIALIZED_AUTOS = YES;
				GCC_WARN_UNUSED_FUNCTION = YES;
				GCC_WARN_UNUSED_VARIABLE = YES;
				HEADER_SEARCH_PATHS = (
					"$(inherited)",
					/Applications/Xcode.app/Contents/Developer/Toolchains/XcodeDefault.xctoolchain/usr/include/libxml2,
				);
				IPHONEOS_DEPLOYMENT_TARGET = 7.0;
				OTHER_LDFLAGS = "-lxml2";
				SDKROOT = iphoneos;
				VALIDATE_PRODUCT = YES;
			};
			name = Release;
		};
		83E838D018A402440086F246 /* Debug */ = {
			isa = XCBuildConfiguration;
			buildSettings = {
				ALWAYS_SEARCH_USER_PATHS = YES;
				ASSETCATALOG_COMPILER_APPICON_NAME = AppIcon;
				ASSETCATALOG_COMPILER_LAUNCHIMAGE_NAME = LaunchImage;
				GCC_PRECOMPILE_PREFIX_HEADER = YES;
				GCC_PREFIX_HEADER = "ICDEasyOn/ICDEasyOn-Prefix.pch";
				HEADER_SEARCH_PATHS = (
					/Applications/Xcode.app/Contents/Developer/Toolchains/XcodeDefault.xctoolchain/usr/include,
					"$(SDKROOT)/usr/include/libxml2",
				);
				INFOPLIST_FILE = "ICDEasyOn/ICDEasyOn-Info.plist";
				LIBRARY_SEARCH_PATHS = (
					"$(inherited)",
					/Users/filipeferreira/Downloads/CorePlot_1.4/Binaries/iOS,
					/Users/filipeferreira/Documents/ICDEasyOn/ICDEasyOn,
				);
				OTHER_LDFLAGS = (
					"-lxml2",
					"-ObjC",
				);
				PRODUCT_NAME = "$(TARGET_NAME)";
				WRAPPER_EXTENSION = app;
			};
			name = Debug;
		};
		83E838D118A402440086F246 /* Release */ = {
			isa = XCBuildConfiguration;
			buildSettings = {
				ALWAYS_SEARCH_USER_PATHS = YES;
				ASSETCATALOG_COMPILER_APPICON_NAME = AppIcon;
				ASSETCATALOG_COMPILER_LAUNCHIMAGE_NAME = LaunchImage;
				GCC_PRECOMPILE_PREFIX_HEADER = YES;
				GCC_PREFIX_HEADER = "ICDEasyOn/ICDEasyOn-Prefix.pch";
				HEADER_SEARCH_PATHS = (
					/Applications/Xcode.app/Contents/Developer/Toolchains/XcodeDefault.xctoolchain/usr/include,
					"$(SDKROOT)/usr/include/libxml2",
				);
				INFOPLIST_FILE = "ICDEasyOn/ICDEasyOn-Info.plist";
				LIBRARY_SEARCH_PATHS = (
					"$(inherited)",
					/Users/filipeferreira/Downloads/CorePlot_1.4/Binaries/iOS,
					/Users/filipeferreira/Documents/ICDEasyOn/ICDEasyOn,
				);
				OTHER_LDFLAGS = (
					"-lxml2",
					"-ObjC",
				);
				PRODUCT_NAME = "$(TARGET_NAME)";
				WRAPPER_EXTENSION = app;
			};
			name = Release;
		};
		83E838D318A402440086F246 /* Debug */ = {
			isa = XCBuildConfiguration;
			buildSettings = {
				ARCHS = "$(ARCHS_STANDARD_INCLUDING_64_BIT)";
				BUNDLE_LOADER = "$(BUILT_PRODUCTS_DIR)/ICDEasyOn.app/ICDEasyOn";
				FRAMEWORK_SEARCH_PATHS = (
					"$(SDKROOT)/Developer/Library/Frameworks",
					"$(inherited)",
					"$(DEVELOPER_FRAMEWORKS_DIR)",
				);
				GCC_PRECOMPILE_PREFIX_HEADER = YES;
				GCC_PREFIX_HEADER = "ICDEasyOn/ICDEasyOn-Prefix.pch";
				GCC_PREPROCESSOR_DEFINITIONS = (
					"DEBUG=1",
					"$(inherited)",
				);
				INFOPLIST_FILE = "ICDEasyOnTests/ICDEasyOnTests-Info.plist";
				PRODUCT_NAME = "$(TARGET_NAME)";
				TEST_HOST = "$(BUNDLE_LOADER)";
				WRAPPER_EXTENSION = xctest;
			};
			name = Debug;
		};
		83E838D418A402440086F246 /* Release */ = {
			isa = XCBuildConfiguration;
			buildSettings = {
				ARCHS = "$(ARCHS_STANDARD_INCLUDING_64_BIT)";
				BUNDLE_LOADER = "$(BUILT_PRODUCTS_DIR)/ICDEasyOn.app/ICDEasyOn";
				FRAMEWORK_SEARCH_PATHS = (
					"$(SDKROOT)/Developer/Library/Frameworks",
					"$(inherited)",
					"$(DEVELOPER_FRAMEWORKS_DIR)",
				);
				GCC_PRECOMPILE_PREFIX_HEADER = YES;
				GCC_PREFIX_HEADER = "ICDEasyOn/ICDEasyOn-Prefix.pch";
				INFOPLIST_FILE = "ICDEasyOnTests/ICDEasyOnTests-Info.plist";
				PRODUCT_NAME = "$(TARGET_NAME)";
				TEST_HOST = "$(BUNDLE_LOADER)";
				WRAPPER_EXTENSION = xctest;
			};
			name = Release;
		};
/* End XCBuildConfiguration section */

/* Begin XCConfigurationList section */
		83E8389518A402430086F246 /* Build configuration list for PBXProject "ICDEasyOn" */ = {
			isa = XCConfigurationList;
			buildConfigurations = (
				83E838CD18A402440086F246 /* Debug */,
				83E838CE18A402440086F246 /* Release */,
			);
			defaultConfigurationIsVisible = 0;
			defaultConfigurationName = Release;
		};
		83E838CF18A402440086F246 /* Build configuration list for PBXNativeTarget "ICDEasyOn" */ = {
			isa = XCConfigurationList;
			buildConfigurations = (
				83E838D018A402440086F246 /* Debug */,
				83E838D118A402440086F246 /* Release */,
			);
			defaultConfigurationIsVisible = 0;
			defaultConfigurationName = Release;
		};
		83E838D218A402440086F246 /* Build configuration list for PBXNativeTarget "ICDEasyOnTests" */ = {
			isa = XCConfigurationList;
			buildConfigurations = (
				83E838D318A402440086F246 /* Debug */,
				83E838D418A402440086F246 /* Release */,
			);
			defaultConfigurationIsVisible = 0;
			defaultConfigurationName = Release;
		};
/* End XCConfigurationList section */
	};
	rootObject = 83E8389218A402430086F246 /* Project object */;
}
