// !$*UTF8*$!
{
	archiveVersion = 1;
	classes = {
	};
	objectVersion = 46;
	objects = {

/* Begin PBXBuildFile section */
		83043E0A18A5E28300FA6DA6 /* outline_star-256.png in Resources */ = {isa = PBXBuildFile; fileRef = 83043E0918A5E28300FA6DA6 /* outline_star-256.png */; };
		8383AEAC18A5D7CB000DAFC7 /* history-256.png in Resources */ = {isa = PBXBuildFile; fileRef = 8383AEAB18A5D7CB000DAFC7 /* history-256.png */; };
		8383AEB118A5D7D6000DAFC7 /* search-32.png in Resources */ = {isa = PBXBuildFile; fileRef = 8383AEAD18A5D7D6000DAFC7 /* search-32.png */; };
		8383AEB218A5D7D6000DAFC7 /* star-32.png in Resources */ = {isa = PBXBuildFile; fileRef = 8383AEAE18A5D7D6000DAFC7 /* star-32.png */; };
		8383AEB418A5D7D6000DAFC7 /* statistics-256.png in Resources */ = {isa = PBXBuildFile; fileRef = 8383AEB018A5D7D6000DAFC7 /* statistics-256.png */; };
		83DC3DF618B2FCC90059F2C1 /* BookmarksController.m in Sources */ = {isa = PBXBuildFile; fileRef = 83DC3DF518B2FCC90059F2C1 /* BookmarksController.m */; };
		83DD968818A4F63700C0C1E9 /* RECommonFunctions.m in Sources */ = {isa = PBXBuildFile; fileRef = 83DD968318A4F63700C0C1E9 /* RECommonFunctions.m */; };
		83DD968918A4F63700C0C1E9 /* RESideMenu.m in Sources */ = {isa = PBXBuildFile; fileRef = 83DD968518A4F63700C0C1E9 /* RESideMenu.m */; };
		83DD968A18A4F63700C0C1E9 /* UIViewController+RESideMenu.m in Sources */ = {isa = PBXBuildFile; fileRef = 83DD968718A4F63700C0C1E9 /* UIViewController+RESideMenu.m */; };
		83DD968E18A4F6A700C0C1E9 /* MenuViewController.m in Sources */ = {isa = PBXBuildFile; fileRef = 83DD968D18A4F6A700C0C1E9 /* MenuViewController.m */; };
		83DD969D18A4FA5D00C0C1E9 /* RootViewController.m in Sources */ = {isa = PBXBuildFile; fileRef = 83DD969C18A4FA5D00C0C1E9 /* RootViewController.m */; };
		83E8389E18A402430086F246 /* Foundation.framework in Frameworks */ = {isa = PBXBuildFile; fileRef = 83E8389D18A402430086F246 /* Foundation.framework */; };
		83E838A018A402430086F246 /* CoreGraphics.framework in Frameworks */ = {isa = PBXBuildFile; fileRef = 83E8389F18A402430086F246 /* CoreGraphics.framework */; };
		83E838A218A402430086F246 /* UIKit.framework in Frameworks */ = {isa = PBXBuildFile; fileRef = 83E838A118A402430086F246 /* UIKit.framework */; };
		83E838A818A402440086F246 /* InfoPlist.strings in Resources */ = {isa = PBXBuildFile; fileRef = 83E838A618A402440086F246 /* InfoPlist.strings */; };
		83E838AA18A402440086F246 /* main.m in Sources */ = {isa = PBXBuildFile; fileRef = 83E838A918A402440086F246 /* main.m */; };
		83E838AE18A402440086F246 /* AppDelegate.m in Sources */ = {isa = PBXBuildFile; fileRef = 83E838AD18A402440086F246 /* AppDelegate.m */; };
		83E838B118A402440086F246 /* Main.storyboard in Resources */ = {isa = PBXBuildFile; fileRef = 83E838AF18A402440086F246 /* Main.storyboard */; };
		83E838B418A402440086F246 /* MasterViewController.m in Sources */ = {isa = PBXBuildFile; fileRef = 83E838B318A402440086F246 /* MasterViewController.m */; };
		83E838B718A402440086F246 /* DetailViewController.m in Sources */ = {isa = PBXBuildFile; fileRef = 83E838B618A402440086F246 /* DetailViewController.m */; };
		83E838B918A402440086F246 /* Images.xcassets in Resources */ = {isa = PBXBuildFile; fileRef = 83E838B818A402440086F246 /* Images.xcassets */; };
		83E838C018A402440086F246 /* XCTest.framework in Frameworks */ = {isa = PBXBuildFile; fileRef = 83E838BF18A402440086F246 /* XCTest.framework */; };
		83E838C118A402440086F246 /* Foundation.framework in Frameworks */ = {isa = PBXBuildFile; fileRef = 83E8389D18A402430086F246 /* Foundation.framework */; };
		83E838C218A402440086F246 /* UIKit.framework in Frameworks */ = {isa = PBXBuildFile; fileRef = 83E838A118A402430086F246 /* UIKit.framework */; };
		83E838CA18A402440086F246 /* InfoPlist.strings in Resources */ = {isa = PBXBuildFile; fileRef = 83E838C818A402440086F246 /* InfoPlist.strings */; };
		83E838CC18A402440086F246 /* ICDEasyOnTests.m in Sources */ = {isa = PBXBuildFile; fileRef = 83E838CB18A402440086F246 /* ICDEasyOnTests.m */; };
		83E838DC18A455620086F246 /* CodeICD.m in Sources */ = {isa = PBXBuildFile; fileRef = 83E838D718A455620086F246 /* CodeICD.m */; };
		83E838DD18A455620086F246 /* iOSRequest.m in Sources */ = {isa = PBXBuildFile; fileRef = 83E838D918A455620086F246 /* iOSRequest.m */; };
		83E838DE18A455620086F246 /* Parser.m in Sources */ = {isa = PBXBuildFile; fileRef = 83E838DB18A455620086F246 /* Parser.m */; };
		83E838E118A456C40086F246 /* NSString+WebService.m in Sources */ = {isa = PBXBuildFile; fileRef = 83E838E018A456C40086F246 /* NSString+WebService.m */; };
		83E838E618A4653A0086F246 /* menu-26.png in Resources */ = {isa = PBXBuildFile; fileRef = 83E838E518A4653A0086F246 /* menu-26.png */; };
		83ED4ABB18BAC1B30053FD43 /* star-512.png in Resources */ = {isa = PBXBuildFile; fileRef = 83ED4ABA18BAC1B30053FD43 /* star-512.png */; };
		83F11AC718B8104D00438928 /* SVProgressHUD.m in Sources */ = {isa = PBXBuildFile; fileRef = 83F11AC618B8104D00438928 /* SVProgressHUD.m */; };
		83F11AC918B8119700438928 /* SVProgressHUD.bundle in Resources */ = {isa = PBXBuildFile; fileRef = 83F11AC818B8119700438928 /* SVProgressHUD.bundle */; };
		83F11AD218B8242A00438928 /* fold.png in Resources */ = {isa = PBXBuildFile; fileRef = 83F11AD118B8242A00438928 /* fold.png */; };
		83F3907518B8DDA700345888 /* GDataXMLNode.m in Sources */ = {isa = PBXBuildFile; fileRef = 83F3907418B8DDA700345888 /* GDataXMLNode.m */; settings = {COMPILER_FLAGS = "-fno-objc-arc"; }; };
		83F3907718B8E2FE00345888 /* bookmarks.xml in Resources */ = {isa = PBXBuildFile; fileRef = 83F3907618B8E2FE00345888 /* bookmarks.xml */; };
		83F3907A18B8E3BA00345888 /* GDataParser.m in Sources */ = {isa = PBXBuildFile; fileRef = 83F3907918B8E3BA00345888 /* GDataParser.m */; };
		83F3908018B8FC3300345888 /* libxml2.dylib in Frameworks */ = {isa = PBXBuildFile; fileRef = 83F3907F18B8FC3300345888 /* libxml2.dylib */; };
		83F844F018B044F6000BAB03 /* SettingsController.m in Sources */ = {isa = PBXBuildFile; fileRef = 83F844EF18B044F6000BAB03 /* SettingsController.m */; };
/* End PBXBuildFile section */

/* Begin PBXContainerItemProxy section */
		83E838C318A402440086F246 /* PBXContainerItemProxy */ = {
			isa = PBXContainerItemProxy;
			containerPortal = 83E8389218A402430086F246 /* Project object */;
			proxyType = 1;
			remoteGlobalIDString = 83E8389918A402430086F246;
			remoteInfo = ICDEasyOn;
		};
/* End PBXContainerItemProxy section */

/* Begin PBXFileReference section */
		83043E0918A5E28300FA6DA6 /* outline_star-256.png */ = {isa = PBXFileReference; lastKnownFileType = image.png; path = "outline_star-256.png"; sourceTree = "<group>"; };
		8383AEAB18A5D7CB000DAFC7 /* history-256.png */ = {isa = PBXFileReference; lastKnownFileType = image.png; path = "history-256.png"; sourceTree = "<group>"; };
		8383AEAD18A5D7D6000DAFC7 /* search-32.png */ = {isa = PBXFileReference; lastKnownFileType = image.png; path = "search-32.png"; sourceTree = "<group>"; };
		8383AEAE18A5D7D6000DAFC7 /* star-32.png */ = {isa = PBXFileReference; lastKnownFileType = image.png; path = "star-32.png"; sourceTree = "<group>"; };
		8383AEB018A5D7D6000DAFC7 /* statistics-256.png */ = {isa = PBXFileReference; lastKnownFileType = image.png; path = "statistics-256.png"; sourceTree = "<group>"; };
		83DC3DF418B2FCC90059F2C1 /* BookmarksController.h */ = {isa = PBXFileReference; fileEncoding = 4; lastKnownFileType = sourcecode.c.h; path = BookmarksController.h; sourceTree = "<group>"; };
		83DC3DF518B2FCC90059F2C1 /* BookmarksController.m */ = {isa = PBXFileReference; fileEncoding = 4; lastKnownFileType = sourcecode.c.objc; path = BookmarksController.m; sourceTree = "<group>"; };
		83DD968218A4F63700C0C1E9 /* RECommonFunctions.h */ = {isa = PBXFileReference; fileEncoding = 4; lastKnownFileType = sourcecode.c.h; path = RECommonFunctions.h; sourceTree = "<group>"; };
		83DD968318A4F63700C0C1E9 /* RECommonFunctions.m */ = {isa = PBXFileReference; fileEncoding = 4; lastKnownFileType = sourcecode.c.objc; path = RECommonFunctions.m; sourceTree = "<group>"; };
		83DD968418A4F63700C0C1E9 /* RESideMenu.h */ = {isa = PBXFileReference; fileEncoding = 4; lastKnownFileType = sourcecode.c.h; path = RESideMenu.h; sourceTree = "<group>"; };
		83DD968518A4F63700C0C1E9 /* RESideMenu.m */ = {isa = PBXFileReference; fileEncoding = 4; lastKnownFileType = sourcecode.c.objc; path = RESideMenu.m; sourceTree = "<group>"; };
		83DD968618A4F63700C0C1E9 /* UIViewController+RESideMenu.h */ = {isa = PBXFileReference; fileEncoding = 4; lastKnownFileType = sourcecode.c.h; path = "UIViewController+RESideMenu.h"; sourceTree = "<group>"; };
		83DD968718A4F63700C0C1E9 /* UIViewController+RESideMenu.m */ = {isa = PBXFileReference; fileEncoding = 4; lastKnownFileType = sourcecode.c.objc; path = "UIViewController+RESideMenu.m"; sourceTree = "<group>"; };
		83DD968C18A4F6A700C0C1E9 /* MenuViewController.h */ = {isa = PBXFileReference; fileEncoding = 4; lastKnownFileType = sourcecode.c.h; path = MenuViewController.h; sourceTree = "<group>"; };
		83DD968D18A4F6A700C0C1E9 /* MenuViewController.m */ = {isa = PBXFileReference; fileEncoding = 4; lastKnownFileType = sourcecode.c.objc; path = MenuViewController.m; sourceTree = "<group>"; };
		83DD969B18A4FA5D00C0C1E9 /* RootViewController.h */ = {isa = PBXFileReference; fileEncoding = 4; lastKnownFileType = sourcecode.c.h; path = RootViewController.h; sourceTree = "<group>"; };
		83DD969C18A4FA5D00C0C1E9 /* RootViewController.m */ = {isa = PBXFileReference; fileEncoding = 4; lastKnownFileType = sourcecode.c.objc; path = RootViewController.m; sourceTree = "<group>"; };
		83E8389A18A402430086F246 /* ICDEasyOn.app */ = {isa = PBXFileReference; explicitFileType = wrapper.application; includeInIndex = 0; path = ICDEasyOn.app; sourceTree = BUILT_PRODUCTS_DIR; };
		83E8389D18A402430086F246 /* Foundation.framework */ = {isa = PBXFileReference; lastKnownFileType = wrapper.framework; name = Foundation.framework; path = System/Library/Frameworks/Foundation.framework; sourceTree = SDKROOT; };
		83E8389F18A402430086F246 /* CoreGraphics.framework */ = {isa = PBXFileReference; lastKnownFileType = wrapper.framework; name = CoreGraphics.framework; path = System/Library/Frameworks/CoreGraphics.framework; sourceTree = SDKROOT; };
		83E838A118A402430086F246 /* UIKit.framework */ = {isa = PBXFileReference; lastKnownFileType = wrapper.framework; name = UIKit.framework; path = System/Library/Frameworks/UIKit.framework; sourceTree = SDKROOT; };
		83E838A518A402440086F246 /* ICDEasyOn-Info.plist */ = {isa = PBXFileReference; lastKnownFileType = text.plist.xml; path = "ICDEasyOn-Info.plist"; sourceTree = "<group>"; };
		83E838A718A402440086F246 /* en */ = {isa = PBXFileReference; lastKnownFileType = text.plist.strings; name = en; path = en.lproj/InfoPlist.strings; sourceTree = "<group>"; };
		83E838A918A402440086F246 /* main.m */ = {isa = PBXFileReference; lastKnownFileType = sourcecode.c.objc; path = main.m; sourceTree = "<group>"; };
		83E838AB18A402440086F246 /* ICDEasyOn-Prefix.pch */ = {isa = PBXFileReference; lastKnownFileType = sourcecode.c.h; path = "ICDEasyOn-Prefix.pch"; sourceTree = "<group>"; };
		83E838AC18A402440086F246 /* AppDelegate.h */ = {isa = PBXFileReference; lastKnownFileType = sourcecode.c.h; path = AppDelegate.h; sourceTree = "<group>"; };
		83E838AD18A402440086F246 /* AppDelegate.m */ = {isa = PBXFileReference; lastKnownFileType = sourcecode.c.objc; path = AppDelegate.m; sourceTree = "<group>"; };
		83E838B018A402440086F246 /* Base */ = {isa = PBXFileReference; lastKnownFileType = file.storyboard; name = Base; path = Base.lproj/Main.storyboard; sourceTree = "<group>"; };
		83E838B218A402440086F246 /* MasterViewController.h */ = {isa = PBXFileReference; lastKnownFileType = sourcecode.c.h; path = MasterViewController.h; sourceTree = "<group>"; };
		83E838B318A402440086F246 /* MasterViewController.m */ = {isa = PBXFileReference; lastKnownFileType = sourcecode.c.objc; path = MasterViewController.m; sourceTree = "<group>"; };
		83E838B518A402440086F246 /* DetailViewController.h */ = {isa = PBXFileReference; lastKnownFileType = sourcecode.c.h; path = DetailViewController.h; sourceTree = "<group>"; };
		83E838B618A402440086F246 /* DetailViewController.m */ = {isa = PBXFileReference; lastKnownFileType = sourcecode.c.objc; path = DetailViewController.m; sourceTree = "<group>"; };
		83E838B818A402440086F246 /* Images.xcassets */ = {isa = PBXFileReference; lastKnownFileType = folder.assetcatalog; path = Images.xcassets; sourceTree = "<group>"; };
		83E838BE18A402440086F246 /* ICDEasyOnTests.xctest */ = {isa = PBXFileReference; explicitFileType = wrapper.cfbundle; includeInIndex = 0; path = ICDEasyOnTests.xctest; sourceTree = BUILT_PRODUCTS_DIR; };
		83E838BF18A402440086F246 /* XCTest.framework */ = {isa = PBXFileReference; lastKnownFileType = wrapper.framework; name = XCTest.framework; path = Library/Frameworks/XCTest.framework; sourceTree = DEVELOPER_DIR; };
		83E838C718A402440086F246 /* ICDEasyOnTests-Info.plist */ = {isa = PBXFileReference; lastKnownFileType = text.plist.xml; path = "ICDEasyOnTests-Info.plist"; sourceTree = "<group>"; };
		83E838C918A402440086F246 /* en */ = {isa = PBXFileReference; lastKnownFileType = text.plist.strings; name = en; path = en.lproj/InfoPlist.strings; sourceTree = "<group>"; };
		83E838CB18A402440086F246 /* ICDEasyOnTests.m */ = {isa = PBXFileReference; lastKnownFileType = sourcecode.c.objc; path = ICDEasyOnTests.m; sourceTree = "<group>"; };
		83E838D618A455620086F246 /* CodeICD.h */ = {isa = PBXFileReference; fileEncoding = 4; lastKnownFileType = sourcecode.c.h; path = CodeICD.h; sourceTree = "<group>"; };
		83E838D718A455620086F246 /* CodeICD.m */ = {isa = PBXFileReference; fileEncoding = 4; lastKnownFileType = sourcecode.c.objc; path = CodeICD.m; sourceTree = "<group>"; };
		83E838D818A455620086F246 /* iOSRequest.h */ = {isa = PBXFileReference; fileEncoding = 4; lastKnownFileType = sourcecode.c.h; path = iOSRequest.h; sourceTree = "<group>"; };
		83E838D918A455620086F246 /* iOSRequest.m */ = {isa = PBXFileReference; fileEncoding = 4; lastKnownFileType = sourcecode.c.objc; path = iOSRequest.m; sourceTree = "<group>"; };
		83E838DA18A455620086F246 /* Parser.h */ = {isa = PBXFileReference; fileEncoding = 4; lastKnownFileType = sourcecode.c.h; path = Parser.h; sourceTree = "<group>"; };
		83E838DB18A455620086F246 /* Parser.m */ = {isa = PBXFileReference; fileEncoding = 4; lastKnownFileType = sourcecode.c.objc; path = Parser.m; sourceTree = "<group>"; };
		83E838DF18A456C40086F246 /* NSString+WebService.h */ = {isa = PBXFileReference; fileEncoding = 4; lastKnownFileType = sourcecode.c.h; path = "NSString+WebService.h"; sourceTree = "<group>"; };
		83E838E018A456C40086F246 /* NSString+WebService.m */ = {isa = PBXFileReference; fileEncoding = 4; lastKnownFileType = sourcecode.c.objc; path = "NSString+WebService.m"; sourceTree = "<group>"; };
		83E838E518A4653A0086F246 /* menu-26.png */ = {isa = PBXFileReference; lastKnownFileType = image.png; path = "menu-26.png"; sourceTree = "<group>"; };
		83ED4ABA18BAC1B30053FD43 /* star-512.png */ = {isa = PBXFileReference; lastKnownFileType = image.png; path = "star-512.png"; sourceTree = "<group>"; };
		83F11AC518B8104D00438928 /* SVProgressHUD.h */ = {isa = PBXFileReference; fileEncoding = 4; lastKnownFileType = sourcecode.c.h; path = SVProgressHUD.h; sourceTree = "<group>"; };
		83F11AC618B8104D00438928 /* SVProgressHUD.m */ = {isa = PBXFileReference; fileEncoding = 4; lastKnownFileType = sourcecode.c.objc; path = SVProgressHUD.m; sourceTree = "<group>"; };
		83F11AC818B8119700438928 /* SVProgressHUD.bundle */ = {isa = PBXFileReference; lastKnownFileType = "wrapper.plug-in"; path = SVProgressHUD.bundle; sourceTree = "<group>"; };
		83F11AD118B8242A00438928 /* fold.png */ = {isa = PBXFileReference; lastKnownFileType = image.png; path = fold.png; sourceTree = "<group>"; };
		83F3907318B8DDA700345888 /* GDataXMLNode.h */ = {isa = PBXFileReference; fileEncoding = 4; lastKnownFileType = sourcecode.c.h; path = GDataXMLNode.h; sourceTree = "<group>"; };
		83F3907418B8DDA700345888 /* GDataXMLNode.m */ = {isa = PBXFileReference; fileEncoding = 4; lastKnownFileType = sourcecode.c.objc; path = GDataXMLNode.m; sourceTree = "<group>"; };
		83F3907618B8E2FE00345888 /* bookmarks.xml */ = {isa = PBXFileReference; fileEncoding = 4; lastKnownFileType = text.xml; path = bookmarks.xml; sourceTree = "<group>"; };
		83F3907818B8E3BA00345888 /* GDataParser.h */ = {isa = PBXFileReference; fileEncoding = 4; lastKnownFileType = sourcecode.c.h; path = GDataParser.h; sourceTree = "<group>"; };
		83F3907918B8E3BA00345888 /* GDataParser.m */ = {isa = PBXFileReference; fileEncoding = 4; lastKnownFileType = sourcecode.c.objc; path = GDataParser.m; sourceTree = "<group>"; };
		83F3907F18B8FC3300345888 /* libxml2.dylib */ = {isa = PBXFileReference; lastKnownFileType = "compiled.mach-o.dylib"; name = libxml2.dylib; path = usr/lib/libxml2.dylib; sourceTree = SDKROOT; };
		83F844EE18B044F6000BAB03 /* SettingsController.h */ = {isa = PBXFileReference; fileEncoding = 4; lastKnownFileType = sourcecode.c.h; path = SettingsController.h; sourceTree = "<group>"; };
		83F844EF18B044F6000BAB03 /* SettingsController.m */ = {isa = PBXFileReference; fileEncoding = 4; lastKnownFileType = sourcecode.c.objc; path = SettingsController.m; sourceTree = "<group>"; };
/* End PBXFileReference section */

/* Begin PBXFrameworksBuildPhase section */
		83E8389718A402430086F246 /* Frameworks */ = {
			isa = PBXFrameworksBuildPhase;
			buildActionMask = 2147483647;
			files = (
				83F3908018B8FC3300345888 /* libxml2.dylib in Frameworks */,
				83E838A018A402430086F246 /* CoreGraphics.framework in Frameworks */,
				83E838A218A402430086F246 /* UIKit.framework in Frameworks */,
				83E8389E18A402430086F246 /* Foundation.framework in Frameworks */,
			);
			runOnlyForDeploymentPostprocessing = 0;
		};
		83E838BB18A402440086F246 /* Frameworks */ = {
			isa = PBXFrameworksBuildPhase;
			buildActionMask = 2147483647;
			files = (
				83E838C018A402440086F246 /* XCTest.framework in Frameworks */,
				83E838C218A402440086F246 /* UIKit.framework in Frameworks */,
				83E838C118A402440086F246 /* Foundation.framework in Frameworks */,
			);
			runOnlyForDeploymentPostprocessing = 0;
		};
/* End PBXFrameworksBuildPhase section */

/* Begin PBXGroup section */
		83DD968B18A4F65B00C0C1E9 /* Controllers */ = {
			isa = PBXGroup;
			children = (
				83E838B218A402440086F246 /* MasterViewController.h */,
				83E838B318A402440086F246 /* MasterViewController.m */,
				83E838B518A402440086F246 /* DetailViewController.h */,
				83E838B618A402440086F246 /* DetailViewController.m */,
				83DD968C18A4F6A700C0C1E9 /* MenuViewController.h */,
				83DD968D18A4F6A700C0C1E9 /* MenuViewController.m */,
				83DD969B18A4FA5D00C0C1E9 /* RootViewController.h */,
				83DD969C18A4FA5D00C0C1E9 /* RootViewController.m */,
				83F844EE18B044F6000BAB03 /* SettingsController.h */,
				83F844EF18B044F6000BAB03 /* SettingsController.m */,
				83DC3DF418B2FCC90059F2C1 /* BookmarksController.h */,
				83DC3DF518B2FCC90059F2C1 /* BookmarksController.m */,
			);
			name = Controllers;
			sourceTree = "<group>";
		};
		83E8389118A402430086F246 = {
			isa = PBXGroup;
			children = (
				83E838A318A402430086F246 /* ICDEasyOn */,
				83E838C518A402440086F246 /* ICDEasyOnTests */,
				83E8389C18A402430086F246 /* Frameworks */,
				83E8389B18A402430086F246 /* Products */,
			);
			sourceTree = "<group>";
		};
		83E8389B18A402430086F246 /* Products */ = {
			isa = PBXGroup;
			children = (
				83E8389A18A402430086F246 /* ICDEasyOn.app */,
				83E838BE18A402440086F246 /* ICDEasyOnTests.xctest */,
			);
			name = Products;
			sourceTree = "<group>";
		};
		83E8389C18A402430086F246 /* Frameworks */ = {
			isa = PBXGroup;
			children = (
				83F3907F18B8FC3300345888 /* libxml2.dylib */,
				83E8389D18A402430086F246 /* Foundation.framework */,
				83E8389F18A402430086F246 /* CoreGraphics.framework */,
				83E838A118A402430086F246 /* UIKit.framework */,
				83E838BF18A402440086F246 /* XCTest.framework */,
			);
			name = Frameworks;
			sourceTree = "<group>";
		};
		83E838A318A402430086F246 /* ICDEasyOn */ = {
			isa = PBXGroup;
			children = (
				83DD968B18A4F65B00C0C1E9 /* Controllers */,
				83F11ACA18B812C700438928 /* SVProgressHUD */,
				83E838E718A482080086F246 /* SideMenu */,
				83E838E218A462670086F246 /* Images */,
				83F3907218B8DD8900345888 /* GDataXML */,
				83E838D518A4550D0086F246 /* Model */,
				83E838AC18A402440086F246 /* AppDelegate.h */,
				83E838AD18A402440086F246 /* AppDelegate.m */,
				83E838AF18A402440086F246 /* Main.storyboard */,
				83E838B818A402440086F246 /* Images.xcassets */,
				83E838A418A402440086F246 /* Supporting Files */,
			);
			path = ICDEasyOn;
			sourceTree = "<group>";
		};
		83E838A418A402440086F246 /* Supporting Files */ = {
			isa = PBXGroup;
			children = (
				83F3907618B8E2FE00345888 /* bookmarks.xml */,
				83E838A518A402440086F246 /* ICDEasyOn-Info.plist */,
				83E838A618A402440086F246 /* InfoPlist.strings */,
				83E838A918A402440086F246 /* main.m */,
				83E838AB18A402440086F246 /* ICDEasyOn-Prefix.pch */,
			);
			name = "Supporting Files";
			sourceTree = "<group>";
		};
		83E838C518A402440086F246 /* ICDEasyOnTests */ = {
			isa = PBXGroup;
			children = (
				83E838CB18A402440086F246 /* ICDEasyOnTests.m */,
				83E838C618A402440086F246 /* Supporting Files */,
			);
			path = ICDEasyOnTests;
			sourceTree = "<group>";
		};
		83E838C618A402440086F246 /* Supporting Files */ = {
			isa = PBXGroup;
			children = (
				83E838C718A402440086F246 /* ICDEasyOnTests-Info.plist */,
				83E838C818A402440086F246 /* InfoPlist.strings */,
			);
			name = "Supporting Files";
			sourceTree = "<group>";
		};
		83E838D518A4550D0086F246 /* Model */ = {
			isa = PBXGroup;
			children = (
				83E838DF18A456C40086F246 /* NSString+WebService.h */,
				83E838E018A456C40086F246 /* NSString+WebService.m */,
				83E838D618A455620086F246 /* CodeICD.h */,
				83E838D718A455620086F246 /* CodeICD.m */,
				83E838D818A455620086F246 /* iOSRequest.h */,
				83E838D918A455620086F246 /* iOSRequest.m */,
				83E838DA18A455620086F246 /* Parser.h */,
				83E838DB18A455620086F246 /* Parser.m */,
				83F3907818B8E3BA00345888 /* GDataParser.h */,
				83F3907918B8E3BA00345888 /* GDataParser.m */,
			);
			name = Model;
			sourceTree = "<group>";
		};
		83E838E218A462670086F246 /* Images */ = {
			isa = PBXGroup;
			children = (
				83ED4ABA18BAC1B30053FD43 /* star-512.png */,
				83F11AD118B8242A00438928 /* fold.png */,
				83043E0918A5E28300FA6DA6 /* outline_star-256.png */,
				8383AEAD18A5D7D6000DAFC7 /* search-32.png */,
				8383AEAE18A5D7D6000DAFC7 /* star-32.png */,
				8383AEB018A5D7D6000DAFC7 /* statistics-256.png */,
				8383AEAB18A5D7CB000DAFC7 /* history-256.png */,
				83E838E518A4653A0086F246 /* menu-26.png */,
			);
			name = Images;
			sourceTree = "<group>";
		};
		83E838E718A482080086F246 /* SideMenu */ = {
			isa = PBXGroup;
			children = (
				83DD968218A4F63700C0C1E9 /* RECommonFunctions.h */,
				83DD968318A4F63700C0C1E9 /* RECommonFunctions.m */,
				83DD968418A4F63700C0C1E9 /* RESideMenu.h */,
				83DD968518A4F63700C0C1E9 /* RESideMenu.m */,
				83DD968618A4F63700C0C1E9 /* UIViewController+RESideMenu.h */,
				83DD968718A4F63700C0C1E9 /* UIViewController+RESideMenu.m */,
			);
			name = SideMenu;
			sourceTree = "<group>";
		};
		83F11ACA18B812C700438928 /* SVProgressHUD */ = {
			isa = PBXGroup;
			children = (
				83F11AC818B8119700438928 /* SVProgressHUD.bundle */,
				83F11AC518B8104D00438928 /* SVProgressHUD.h */,
				83F11AC618B8104D00438928 /* SVProgressHUD.m */,
			);
			name = SVProgressHUD;
			sourceTree = "<group>";
		};
		83F3907218B8DD8900345888 /* GDataXML */ = {
			isa = PBXGroup;
			children = (
				83F3907318B8DDA700345888 /* GDataXMLNode.h */,
				83F3907418B8DDA700345888 /* GDataXMLNode.m */,
			);
			name = GDataXML;
			sourceTree = "<group>";
		};
/* End PBXGroup section */

/* Begin PBXNativeTarget section */
		83E8389918A402430086F246 /* ICDEasyOn */ = {
			isa = PBXNativeTarget;
			buildConfigurationList = 83E838CF18A402440086F246 /* Build configuration list for PBXNativeTarget "ICDEasyOn" */;
			buildPhases = (
				83E8389618A402430086F246 /* Sources */,
				83E8389718A402430086F246 /* Frameworks */,
				83E8389818A402430086F246 /* Resources */,
			);
			buildRules = (
			);
			dependencies = (
			);
			name = ICDEasyOn;
			productName = ICDEasyOn;
			productReference = 83E8389A18A402430086F246 /* ICDEasyOn.app */;
			productType = "com.apple.product-type.application";
		};
		83E838BD18A402440086F246 /* ICDEasyOnTests */ = {
			isa = PBXNativeTarget;
			buildConfigurationList = 83E838D218A402440086F246 /* Build configuration list for PBXNativeTarget "ICDEasyOnTests" */;
			buildPhases = (
				83E838BA18A402440086F246 /* Sources */,
				83E838BB18A402440086F246 /* Frameworks */,
				83E838BC18A402440086F246 /* Resources */,
			);
			buildRules = (
			);
			dependencies = (
				83E838C418A402440086F246 /* PBXTargetDependency */,
			);
			name = ICDEasyOnTests;
			productName = ICDEasyOnTests;
			productReference = 83E838BE18A402440086F246 /* ICDEasyOnTests.xctest */;
			productType = "com.apple.product-type.bundle.unit-test";
		};
/* End PBXNativeTarget section */

/* Begin PBXProject section */
		83E8389218A402430086F246 /* Project object */ = {
			isa = PBXProject;
			attributes = {
				LastUpgradeCheck = 0500;
				ORGANIZATIONNAME = "Filipe Ferreira";
				TargetAttributes = {
					83E838BD18A402440086F246 = {
						TestTargetID = 83E8389918A402430086F246;
					};
				};
			};
			buildConfigurationList = 83E8389518A402430086F246 /* Build configuration list for PBXProject "ICDEasyOn" */;
			compatibilityVersion = "Xcode 3.2";
			developmentRegion = English;
			hasScannedForEncodings = 0;
			knownRegions = (
				en,
				Base,
			);
			mainGroup = 83E8389118A402430086F246;
			productRefGroup = 83E8389B18A402430086F246 /* Products */;
			projectDirPath = "";
			projectRoot = "";
			targets = (
				83E8389918A402430086F246 /* ICDEasyOn */,
				83E838BD18A402440086F246 /* ICDEasyOnTests */,
			);
		};
/* End PBXProject section */

/* Begin PBXResourcesBuildPhase section */
		83E8389818A402430086F246 /* Resources */ = {
			isa = PBXResourcesBuildPhase;
			buildActionMask = 2147483647;
			files = (
				8383AEB118A5D7D6000DAFC7 /* search-32.png in Resources */,
				83F3907718B8E2FE00345888 /* bookmarks.xml in Resources */,
				8383AEB218A5D7D6000DAFC7 /* star-32.png in Resources */,
				8383AEAC18A5D7CB000DAFC7 /* history-256.png in Resources */,
				83E838E618A4653A0086F246 /* menu-26.png in Resources */,
				83ED4ABB18BAC1B30053FD43 /* star-512.png in Resources */,
				83E838B918A402440086F246 /* Images.xcassets in Resources */,
				83F11AC918B8119700438928 /* SVProgressHUD.bundle in Resources */,
				83E838A818A402440086F246 /* InfoPlist.strings in Resources */,
				83F11AD218B8242A00438928 /* fold.png in Resources */,
				8383AEB418A5D7D6000DAFC7 /* statistics-256.png in Resources */,
				83043E0A18A5E28300FA6DA6 /* outline_star-256.png in Resources */,
				83E838B118A402440086F246 /* Main.storyboard in Resources */,
			);
			runOnlyForDeploymentPostprocessing = 0;
		};
		83E838BC18A402440086F246 /* Resources */ = {
			isa = PBXResourcesBuildPhase;
			buildActionMask = 2147483647;
			files = (
				83E838CA18A402440086F246 /* InfoPlist.strings in Resources */,
			);
			runOnlyForDeploymentPostprocessing = 0;
		};
/* End PBXResourcesBuildPhase section */

/* Begin PBXSourcesBuildPhase section */
		83E8389618A402430086F246 /* Sources */ = {
			isa = PBXSourcesBuildPhase;
			buildActionMask = 2147483647;
			files = (
				83E838AE18A402440086F246 /* AppDelegate.m in Sources */,
				83DD968818A4F63700C0C1E9 /* RECommonFunctions.m in Sources */,
				83F844F018B044F6000BAB03 /* SettingsController.m in Sources */,
				83DC3DF618B2FCC90059F2C1 /* BookmarksController.m in Sources */,
				83F3907A18B8E3BA00345888 /* GDataParser.m in Sources */,
				83E838DD18A455620086F246 /* iOSRequest.m in Sources */,
				83E838E118A456C40086F246 /* NSString+WebService.m in Sources */,
				83E838DC18A455620086F246 /* CodeICD.m in Sources */,
				83E838B418A402440086F246 /* MasterViewController.m in Sources */,
				83E838AA18A402440086F246 /* main.m in Sources */,
				83F11AC718B8104D00438928 /* SVProgressHUD.m in Sources */,
				83DD968E18A4F6A700C0C1E9 /* MenuViewController.m in Sources */,
				83F3907518B8DDA700345888 /* GDataXMLNode.m in Sources */,
				83E838DE18A455620086F246 /* Parser.m in Sources */,
				83DD968918A4F63700C0C1E9 /* RESideMenu.m in Sources */,
				83DD969D18A4FA5D00C0C1E9 /* RootViewController.m in Sources */,
				83E838B718A402440086F246 /* DetailViewController.m in Sources */,
				83DD968A18A4F63700C0C1E9 /* UIViewController+RESideMenu.m in Sources */,
			);
			runOnlyForDeploymentPostprocessing = 0;
		};
		83E838BA18A402440086F246 /* Sources */ = {
			isa = PBXSourcesBuildPhase;
			buildActionMask = 2147483647;
			files = (
				83E838CC18A402440086F246 /* ICDEasyOnTests.m in Sources */,
			);
			runOnlyForDeploymentPostprocessing = 0;
		};
/* End PBXSourcesBuildPhase section */

/* Begin PBXTargetDependency section */
		83E838C418A402440086F246 /* PBXTargetDependency */ = {
			isa = PBXTargetDependency;
			target = 83E8389918A402430086F246 /* ICDEasyOn */;
			targetProxy = 83E838C318A402440086F246 /* PBXContainerItemProxy */;
		};
/* End PBXTargetDependency section */

/* Begin PBXVariantGroup section */
		83E838A618A402440086F246 /* InfoPlist.strings */ = {
			isa = PBXVariantGroup;
			children = (
				83E838A718A402440086F246 /* en */,
			);
			name = InfoPlist.strings;
			sourceTree = "<group>";
		};
		83E838AF18A402440086F246 /* Main.storyboard */ = {
			isa = PBXVariantGroup;
			children = (
				83E838B018A402440086F246 /* Base */,
			);
			name = Main.storyboard;
			sourceTree = "<group>";
		};
		83E838C818A402440086F246 /* InfoPlist.strings */ = {
			isa = PBXVariantGroup;
			children = (
				83E838C918A402440086F246 /* en */,
			);
			name = InfoPlist.strings;
			sourceTree = "<group>";
		};
/* End PBXVariantGroup section */

/* Begin XCBuildConfiguration section */
		83E838CD18A402440086F246 /* Debug */ = {
			isa = XCBuildConfiguration;
			buildSettings = {
				ALWAYS_SEARCH_USER_PATHS = NO;
				ARCHS = "$(ARCHS_STANDARD_INCLUDING_64_BIT)";
				CLANG_CXX_LANGUAGE_STANDARD = "gnu++0x";
				CLANG_CXX_LIBRARY = "libc++";
				CLANG_ENABLE_MODULES = YES;
				CLANG_ENABLE_OBJC_ARC = YES;
				CLANG_WARN_BOOL_CONVERSION = YES;
				CLANG_WARN_CONSTANT_CONVERSION = YES;
				CLANG_WARN_DIRECT_OBJC_ISA_USAGE = YES_ERROR;
				CLANG_WARN_EMPTY_BODY = YES;
				CLANG_WARN_ENUM_CONVERSION = YES;
				CLANG_WARN_INT_CONVERSION = YES;
				CLANG_WARN_OBJC_ROOT_CLASS = YES_ERROR;
				CLANG_WARN__DUPLICATE_METHOD_MATCH = YES;
				"CODE_SIGN_IDENTITY[sdk=iphoneos*]" = "iPhone Developer";
				COPY_PHASE_STRIP = NO;
				GCC_C_LANGUAGE_STANDARD = gnu99;
				GCC_DYNAMIC_NO_PIC = NO;
				GCC_OPTIMIZATION_LEVEL = 0;
				GCC_PREPROCESSOR_DEFINITIONS = (
					"DEBUG=1",
					"$(inherited)",
				);
				GCC_SYMBOLS_PRIVATE_EXTERN = NO;
				GCC_WARN_64_TO_32_BIT_CONVERSION = YES;
				GCC_WARN_ABOUT_RETURN_TYPE = YES_ERROR;
				GCC_WARN_UNDECLARED_SELECTOR = YES;
				GCC_WARN_UNINITIALIZED_AUTOS = YES;
				GCC_WARN_UNUSED_FUNCTION = YES;
				GCC_WARN_UNUSED_VARIABLE = YES;
				HEADER_SEARCH_PATHS = (
					"$(inherited)",
					/Applications/Xcode.app/Contents/Developer/Toolchains/XcodeDefault.xctoolchain/usr/include/libxml2,
				);
				IPHONEOS_DEPLOYMENT_TARGET = 7.0;
				ONLY_ACTIVE_ARCH = YES;
				OTHER_LDFLAGS = "-lxml2";
				SDKROOT = iphoneos;
			};
			name = Debug;
		};
		83E838CE18A402440086F246 /* Release */ = {
			isa = XCBuildConfiguration;
			buildSettings = {
				ALWAYS_SEARCH_USER_PATHS = NO;
				ARCHS = "$(ARCHS_STANDARD_INCLUDING_64_BIT)";
				CLANG_CXX_LANGUAGE_STANDARD = "gnu++0x";
				CLANG_CXX_LIBRARY = "libc++";
				CLANG_ENABLE_MODULES = YES;
				CLANG_ENABLE_OBJC_ARC = YES;
				CLANG_WARN_BOOL_CONVERSION = YES;
				CLANG_WARN_CONSTANT_CONVERSION = YES;
				CLANG_WARN_DIRECT_OBJC_ISA_USAGE = YES_ERROR;
				CLANG_WARN_EMPTY_BODY = YES;
				CLANG_WARN_ENUM_CONVERSION = YES;
				CLANG_WARN_INT_CONVERSION = YES;
				CLANG_WARN_OBJC_ROOT_CLASS = YES_ERROR;
				CLANG_WARN__DUPLICATE_METHOD_MATCH = YES;
				"CODE_SIGN_IDENTITY[sdk=iphoneos*]" = "iPhone Developer";
				COPY_PHASE_STRIP = YES;
				ENABLE_NS_ASSERTIONS = NO;
				GCC_C_LANGUAGE_STANDARD = gnu99;
				GCC_WARN_64_TO_32_BIT_CONVERSION = YES;
				GCC_WARN_ABOUT_RETURN_TYPE = YES_ERROR;
				GCC_WARN_UNDECLARED_SELECTOR = YES;
				GCC_WARN_UNINITIALIZED_AUTOS = YES;
				GCC_WARN_UNUSED_FUNCTION = YES;
				GCC_WARN_UNUSED_VARIABLE = YES;
				HEADER_SEARCH_PATHS = (
					"$(inherited)",
					/Applications/Xcode.app/Contents/Developer/Toolchains/XcodeDefault.xctoolchain/usr/include/libxml2,
				);
				IPHONEOS_DEPLOYMENT_TARGET = 7.0;
				OTHER_LDFLAGS = "-lxml2";
				SDKROOT = iphoneos;
				VALIDATE_PRODUCT = YES;
			};
			name = Release;
		};
		83E838D018A402440086F246 /* Debug */ = {
			isa = XCBuildConfiguration;
			buildSettings = {
				ALWAYS_SEARCH_USER_PATHS = YES;
				ASSETCATALOG_COMPILER_APPICON_NAME = AppIcon;
				ASSETCATALOG_COMPILER_LAUNCHIMAGE_NAME = LaunchImage;
				GCC_PRECOMPILE_PREFIX_HEADER = YES;
				GCC_PREFIX_HEADER = "ICDEasyOn/ICDEasyOn-Prefix.pch";
				HEADER_SEARCH_PATHS = (
					/Applications/Xcode.app/Contents/Developer/Toolchains/XcodeDefault.xctoolchain/usr/include,
					"$(SDKROOT)/usr/include/libxml2",
				);
				INFOPLIST_FILE = "ICDEasyOn/ICDEasyOn-Info.plist";
				OTHER_LDFLAGS = "-lxml2";
				PRODUCT_NAME = "$(TARGET_NAME)";
				WRAPPER_EXTENSION = app;
			};
			name = Debug;
		};
		83E838D118A402440086F246 /* Release */ = {
			isa = XCBuildConfiguration;
			buildSettings = {
				ALWAYS_SEARCH_USER_PATHS = YES;
				ASSETCATALOG_COMPILER_APPICON_NAME = AppIcon;
				ASSETCATALOG_COMPILER_LAUNCHIMAGE_NAME = LaunchImage;
				GCC_PRECOMPILE_PREFIX_HEADER = YES;
				GCC_PREFIX_HEADER = "ICDEasyOn/ICDEasyOn-Prefix.pch";
				HEADER_SEARCH_PATHS = (
					/Applications/Xcode.app/Contents/Developer/Toolchains/XcodeDefault.xctoolchain/usr/include,
					"$(SDKROOT)/usr/include/libxml2",
				);
				INFOPLIST_FILE = "ICDEasyOn/ICDEasyOn-Info.plist";
				OTHER_LDFLAGS = "-lxml2";
				PRODUCT_NAME = "$(TARGET_NAME)";
				WRAPPER_EXTENSION = app;
			};
			name = Release;
		};
		83E838D318A402440086F246 /* Debug */ = {
			isa = XCBuildConfiguration;
			buildSettings = {
				ARCHS = "$(ARCHS_STANDARD_INCLUDING_64_BIT)";
				BUNDLE_LOADER = "$(BUILT_PRODUCTS_DIR)/ICDEasyOn.app/ICDEasyOn";
				FRAMEWORK_SEARCH_PATHS = (
					"$(SDKROOT)/Developer/Library/Frameworks",
					"$(inherited)",
					"$(DEVELOPER_FRAMEWORKS_DIR)",
				);
				GCC_PRECOMPILE_PREFIX_HEADER = YES;
				GCC_PREFIX_HEADER = "ICDEasyOn/ICDEasyOn-Prefix.pch";
				GCC_PREPROCESSOR_DEFINITIONS = (
					"DEBUG=1",
					"$(inherited)",
				);
				INFOPLIST_FILE = "ICDEasyOnTests/ICDEasyOnTests-Info.plist";
				PRODUCT_NAME = "$(TARGET_NAME)";
				TEST_HOST = "$(BUNDLE_LOADER)";
				WRAPPER_EXTENSION = xctest;
			};
			name = Debug;
		};
		83E838D418A402440086F246 /* Release */ = {
			isa = XCBuildConfiguration;
			buildSettings = {
				ARCHS = "$(ARCHS_STANDARD_INCLUDING_64_BIT)";
				BUNDLE_LOADER = "$(BUILT_PRODUCTS_DIR)/ICDEasyOn.app/ICDEasyOn";
				FRAMEWORK_SEARCH_PATHS = (
					"$(SDKROOT)/Developer/Library/Frameworks",
					"$(inherited)",
					"$(DEVELOPER_FRAMEWORKS_DIR)",
				);
				GCC_PRECOMPILE_PREFIX_HEADER = YES;
				GCC_PREFIX_HEADER = "ICDEasyOn/ICDEasyOn-Prefix.pch";
				INFOPLIST_FILE = "ICDEasyOnTests/ICDEasyOnTests-Info.plist";
				PRODUCT_NAME = "$(TARGET_NAME)";
				TEST_HOST = "$(BUNDLE_LOADER)";
				WRAPPER_EXTENSION = xctest;
			};
			name = Release;
		};
/* End XCBuildConfiguration section */

/* Begin XCConfigurationList section */
		83E8389518A402430086F246 /* Build configuration list for PBXProject "ICDEasyOn" */ = {
			isa = XCConfigurationList;
			buildConfigurations = (
				83E838CD18A402440086F246 /* Debug */,
				83E838CE18A402440086F246 /* Release */,
			);
			defaultConfigurationIsVisible = 0;
			defaultConfigurationName = Release;
		};
		83E838CF18A402440086F246 /* Build configuration list for PBXNativeTarget "ICDEasyOn" */ = {
			isa = XCConfigurationList;
			buildConfigurations = (
				83E838D018A402440086F246 /* Debug */,
				83E838D118A402440086F246 /* Release */,
			);
			defaultConfigurationIsVisible = 0;
			defaultConfigurationName = Release;
		};
		83E838D218A402440086F246 /* Build configuration list for PBXNativeTarget "ICDEasyOnTests" */ = {
			isa = XCConfigurationList;
			buildConfigurations = (
				83E838D318A402440086F246 /* Debug */,
				83E838D418A402440086F246 /* Release */,
			);
			defaultConfigurationIsVisible = 0;
			defaultConfigurationName = Release;
		};
/* End XCConfigurationList section */
	};
	rootObject = 83E8389218A402430086F246 /* Project object */;
}
